// !$*UTF8*$!
{
	archiveVersion = 1;
	classes = {
	};
	objectVersion = 77;
	objects = {

/* Begin PBXBuildFile section */
		038871591F5D1D8253532B63 /* TerminalManager.swift in Sources */ = {isa = PBXBuildFile; fileRef = 01FB7448B35C6B9FDB865E27 /* TerminalManager.swift */; };
		06290FABECDDC7A371F4E628 /* HookTerminalView.swift in Sources */ = {isa = PBXBuildFile; fileRef = C7D100CF5E5C8418A0ADBF27 /* HookTerminalView.swift */; };
		08E2567ECF29BA1F754A6A24 /* BuildInfo.generated.swift in Sources */ = {isa = PBXBuildFile; fileRef = D987FD45FB41C6E0CAE64074 /* BuildInfo.generated.swift */; };
		0B9091EB48260DE404DE1BEA /* AgentSessionObserver.swift in Sources */ = {isa = PBXBuildFile; fileRef = B1936F71E657CC9141E7FEF6 /* AgentSessionObserver.swift */; };
		0DB5C85ACC622C3F3F209F80 /* SettingsView.swift in Sources */ = {isa = PBXBuildFile; fileRef = 7741B9A5C7263C21519C58A7 /* SettingsView.swift */; };
		0FBF93B25F9399F539E34FE5 /* ProjectListManager.swift in Sources */ = {isa = PBXBuildFile; fileRef = C7413DF158A0D475363F560A /* ProjectListManager.swift */; };
		12BE305CDFE8F309FCBCB685 /* Ghostty.App.swift in Sources */ = {isa = PBXBuildFile; fileRef = 9527908B9C78C4108E22859F /* Ghostty.App.swift */; };
		1451CEC1D1439FB63557C4BD /* ShellEnvironment.swift in Sources */ = {isa = PBXBuildFile; fileRef = E131E35523E6802F91F45113 /* ShellEnvironment.swift */; };
		1F7BC03D85A09D98E801B6D9 /* WorkTaskListView.swift in Sources */ = {isa = PBXBuildFile; fileRef = AAED3D48ED0D3C7B46CC2CDC /* WorkTaskListView.swift */; };
		23F3DE2EA1F241461398F3E8 /* SettingsManager.swift in Sources */ = {isa = PBXBuildFile; fileRef = A80A4415AF3AF0E664DD76BB /* SettingsManager.swift */; };
		241D1F1059AE3B7173B40331 /* WorkTaskManager.swift in Sources */ = {isa = PBXBuildFile; fileRef = 0F77888A98CCCBD8410D24DF /* WorkTaskManager.swift */; };
		2D62F55FAA8E918E156ED1AA /* SidebarView.swift in Sources */ = {isa = PBXBuildFile; fileRef = 03DB14A8F11663E0841091A1 /* SidebarView.swift */; };
		39171E29FE8032B712B9BA1D /* DebugTerminalSheet.swift in Sources */ = {isa = PBXBuildFile; fileRef = 15DE76037AB236AE890CDD14 /* DebugTerminalSheet.swift */; };
		401F80E401628A50B236E785 /* WorkTaskCoordinator.swift in Sources */ = {isa = PBXBuildFile; fileRef = F75CC59B538970C35DC86285 /* WorkTaskCoordinator.swift */; };
		41549514701263E028D48FDD /* ProjectSettings.swift in Sources */ = {isa = PBXBuildFile; fileRef = E856EBACD95238A075585AB1 /* ProjectSettings.swift */; };
		4235FEADD0973204CB12B8EE /* WorktreeManagerTests.swift in Sources */ = {isa = PBXBuildFile; fileRef = D24AA30D8ADC37C645413C92 /* WorktreeManagerTests.swift */; };
		440A3E797D4F1E57430C8B5D /* Note.swift in Sources */ = {isa = PBXBuildFile; fileRef = 4359038C55EA5EAD56BC1D4A /* Note.swift */; };
		47C4022ECD8251D0E2D34B4B /* WtpadApp.swift in Sources */ = {isa = PBXBuildFile; fileRef = ED2CED240FCD89042A5D8C24 /* WtpadApp.swift */; };
		5A13E8839F4CB341BCE2B212 /* ClaudeTodoManager.swift in Sources */ = {isa = PBXBuildFile; fileRef = 74342FC29C8E7A6F4789668D /* ClaudeTodoManager.swift */; };
		6744BCB5CCC089545779D11B /* Ghostty.SurfaceView.swift in Sources */ = {isa = PBXBuildFile; fileRef = BEA490BA81E9C08450AB5D65 /* Ghostty.SurfaceView.swift */; };
		71FA07133B87E4AF06939917 /* Assets.xcassets in Resources */ = {isa = PBXBuildFile; fileRef = 18B91B5ED14C6B98525B5661 /* Assets.xcassets */; };
		76B89E0A4E21109E261A57CE /* TodoManager.swift in Sources */ = {isa = PBXBuildFile; fileRef = F3465CE0A00F274998269952 /* TodoManager.swift */; };
		867D913ADBC95EB54AC9C885 /* WorkflowConfig.swift in Sources */ = {isa = PBXBuildFile; fileRef = 181B7E4592F231B8B75683F7 /* WorkflowConfig.swift */; };
		8E10EBB29C81C5636D6CD9D1 /* WorktreeTests.swift in Sources */ = {isa = PBXBuildFile; fileRef = D70F735E00E89E5639B51D00 /* WorktreeTests.swift */; };
		8E4CBD869B2673C48B42F463 /* WorkTask.swift in Sources */ = {isa = PBXBuildFile; fileRef = 2D3C7A6965537B8316465C21 /* WorkTask.swift */; };
		8F48AD472EBF014CAEEEACBD /* ProjectWindow.swift in Sources */ = {isa = PBXBuildFile; fileRef = 1E0C29A6E40E55649C932A94 /* ProjectWindow.swift */; };
		9229595CD2D8DA028BCE03AB /* ClaudeTodo.swift in Sources */ = {isa = PBXBuildFile; fileRef = 8ABA3DD709EEBE0CD906DE99 /* ClaudeTodo.swift */; };
		9A69DEA980E9D156F0F038B2 /* Worktree.swift in Sources */ = {isa = PBXBuildFile; fileRef = 8346D6DF56660212501AB834 /* Worktree.swift */; };
		A220EE830CEEABF22E542949 /* TodosPanelView.swift in Sources */ = {isa = PBXBuildFile; fileRef = 1AFBDB7EEC91459D545D14AE /* TodosPanelView.swift */; };
		ADCDD4D541E164756DC0253A /* AboutView.swift in Sources */ = {isa = PBXBuildFile; fileRef = 63E1F3C81285A1CCB1A1F2FB /* AboutView.swift */; };
		B506C968297848C109A779D4 /* WorkTaskDetailView.swift in Sources */ = {isa = PBXBuildFile; fileRef = 34966E7F83FD3AA781DD252B /* WorkTaskDetailView.swift */; };
		B9A7084CCFAF15F0E27B4277 /* ContentView.swift in Sources */ = {isa = PBXBuildFile; fileRef = 69B324481DB038886F84E3C6 /* ContentView.swift */; };
		C0E35BDFE5BD15C58381DBBB /* TodosView.swift in Sources */ = {isa = PBXBuildFile; fileRef = F5F5DC308A9728BBB89AFD24 /* TodosView.swift */; };
		C3958CDCB5AE2B73071F5B8A /* Ghostty.swift in Sources */ = {isa = PBXBuildFile; fileRef = 1C31DD09D4C69C87B557F5C7 /* Ghostty.swift */; };
		C4948D3D9639CAEE9663428B /* TerminalSurface.swift in Sources */ = {isa = PBXBuildFile; fileRef = 23CE662F2D877BFB67C37BB0 /* TerminalSurface.swift */; };
		D3D76586F15D1E79133B3C8B /* ProjectHooksTests.swift in Sources */ = {isa = PBXBuildFile; fileRef = D21FB46A23B163C26A6E2869 /* ProjectHooksTests.swift */; };
		D84AA5A85BFD598DCAC3967E /* Todo.swift in Sources */ = {isa = PBXBuildFile; fileRef = F5F78047833258F697B4FC40 /* Todo.swift */; };
		DD379A1DF85E388FAE8A45D6 /* NoteWindow.swift in Sources */ = {isa = PBXBuildFile; fileRef = C5719DD840FC11C63AF6F84E /* NoteWindow.swift */; };
		E61377ACA7A5D6326B96E429 /* TestHelpers.swift in Sources */ = {isa = PBXBuildFile; fileRef = 6E1D01555B16916CD81B458C /* TestHelpers.swift */; };
		EF2E6586623E234DEBF42A75 /* NotesView.swift in Sources */ = {isa = PBXBuildFile; fileRef = 5AB5A8C97B2AF141D8E08761 /* NotesView.swift */; };
		F0A274036A700D9E70D479AC /* NotesManager.swift in Sources */ = {isa = PBXBuildFile; fileRef = 0DF450431D96F5EDA07F9E06 /* NotesManager.swift */; };
		FB58302C61812C992A5B80FD /* Ghostty.Config.swift in Sources */ = {isa = PBXBuildFile; fileRef = DEF31A165F772369B33B90AA /* Ghostty.Config.swift */; };
		FD5949251B8FFBD40F2937F1 /* ProjectSettingsView.swift in Sources */ = {isa = PBXBuildFile; fileRef = E0CE0C805A860E996C7A1418 /* ProjectSettingsView.swift */; };
/* End PBXBuildFile section */

/* Begin PBXContainerItemProxy section */
		34DBDE0851279A9E7D9E4F05 /* PBXContainerItemProxy */ = {
			isa = PBXContainerItemProxy;
			containerPortal = 0F0E6A454F6DC7C057FD3D94 /* Project object */;
			proxyType = 1;
			remoteGlobalIDString = FD4EC480F9297D82DDB39599;
			remoteInfo = wtpad;
		};
/* End PBXContainerItemProxy section */

/* Begin PBXFileReference section */
		01FB7448B35C6B9FDB865E27 /* TerminalManager.swift */ = {isa = PBXFileReference; lastKnownFileType = sourcecode.swift; path = TerminalManager.swift; sourceTree = "<group>"; };
		03DB14A8F11663E0841091A1 /* SidebarView.swift */ = {isa = PBXFileReference; lastKnownFileType = sourcecode.swift; path = SidebarView.swift; sourceTree = "<group>"; };
		0DF450431D96F5EDA07F9E06 /* NotesManager.swift */ = {isa = PBXFileReference; lastKnownFileType = sourcecode.swift; path = NotesManager.swift; sourceTree = "<group>"; };
		0F77888A98CCCBD8410D24DF /* WorkTaskManager.swift */ = {isa = PBXFileReference; lastKnownFileType = sourcecode.swift; path = WorkTaskManager.swift; sourceTree = "<group>"; };
		15DE76037AB236AE890CDD14 /* DebugTerminalSheet.swift */ = {isa = PBXFileReference; lastKnownFileType = sourcecode.swift; path = DebugTerminalSheet.swift; sourceTree = "<group>"; };
		181B7E4592F231B8B75683F7 /* WorkflowConfig.swift */ = {isa = PBXFileReference; lastKnownFileType = sourcecode.swift; path = WorkflowConfig.swift; sourceTree = "<group>"; };
		18B91B5ED14C6B98525B5661 /* Assets.xcassets */ = {isa = PBXFileReference; lastKnownFileType = folder.assetcatalog; path = Assets.xcassets; sourceTree = "<group>"; };
		1AFBDB7EEC91459D545D14AE /* TodosPanelView.swift */ = {isa = PBXFileReference; lastKnownFileType = sourcecode.swift; path = TodosPanelView.swift; sourceTree = "<group>"; };
		1C31DD09D4C69C87B557F5C7 /* Ghostty.swift */ = {isa = PBXFileReference; lastKnownFileType = sourcecode.swift; path = Ghostty.swift; sourceTree = "<group>"; };
		1E0C29A6E40E55649C932A94 /* ProjectWindow.swift */ = {isa = PBXFileReference; lastKnownFileType = sourcecode.swift; path = ProjectWindow.swift; sourceTree = "<group>"; };
		23CE662F2D877BFB67C37BB0 /* TerminalSurface.swift */ = {isa = PBXFileReference; lastKnownFileType = sourcecode.swift; path = TerminalSurface.swift; sourceTree = "<group>"; };
		2D3C7A6965537B8316465C21 /* WorkTask.swift */ = {isa = PBXFileReference; lastKnownFileType = sourcecode.swift; path = WorkTask.swift; sourceTree = "<group>"; };
		34966E7F83FD3AA781DD252B /* WorkTaskDetailView.swift */ = {isa = PBXFileReference; lastKnownFileType = sourcecode.swift; path = WorkTaskDetailView.swift; sourceTree = "<group>"; };
		4359038C55EA5EAD56BC1D4A /* Note.swift */ = {isa = PBXFileReference; lastKnownFileType = sourcecode.swift; path = Note.swift; sourceTree = "<group>"; };
		5AB5A8C97B2AF141D8E08761 /* NotesView.swift */ = {isa = PBXFileReference; lastKnownFileType = sourcecode.swift; path = NotesView.swift; sourceTree = "<group>"; };
		63E1F3C81285A1CCB1A1F2FB /* AboutView.swift */ = {isa = PBXFileReference; lastKnownFileType = sourcecode.swift; path = AboutView.swift; sourceTree = "<group>"; };
		69B324481DB038886F84E3C6 /* ContentView.swift */ = {isa = PBXFileReference; lastKnownFileType = sourcecode.swift; path = ContentView.swift; sourceTree = "<group>"; };
		6E1D01555B16916CD81B458C /* TestHelpers.swift */ = {isa = PBXFileReference; lastKnownFileType = sourcecode.swift; path = TestHelpers.swift; sourceTree = "<group>"; };
		74342FC29C8E7A6F4789668D /* ClaudeTodoManager.swift */ = {isa = PBXFileReference; lastKnownFileType = sourcecode.swift; path = ClaudeTodoManager.swift; sourceTree = "<group>"; };
		7741B9A5C7263C21519C58A7 /* SettingsView.swift */ = {isa = PBXFileReference; lastKnownFileType = sourcecode.swift; path = SettingsView.swift; sourceTree = "<group>"; };
		8346D6DF56660212501AB834 /* Worktree.swift */ = {isa = PBXFileReference; lastKnownFileType = sourcecode.swift; path = Worktree.swift; sourceTree = "<group>"; };
		8ABA3DD709EEBE0CD906DE99 /* ClaudeTodo.swift */ = {isa = PBXFileReference; lastKnownFileType = sourcecode.swift; path = ClaudeTodo.swift; sourceTree = "<group>"; };
		9527908B9C78C4108E22859F /* Ghostty.App.swift */ = {isa = PBXFileReference; lastKnownFileType = sourcecode.swift; path = Ghostty.App.swift; sourceTree = "<group>"; };
		A80A4415AF3AF0E664DD76BB /* SettingsManager.swift */ = {isa = PBXFileReference; lastKnownFileType = sourcecode.swift; path = SettingsManager.swift; sourceTree = "<group>"; };
		AAED3D48ED0D3C7B46CC2CDC /* WorkTaskListView.swift */ = {isa = PBXFileReference; lastKnownFileType = sourcecode.swift; path = WorkTaskListView.swift; sourceTree = "<group>"; };
		B1936F71E657CC9141E7FEF6 /* AgentSessionObserver.swift */ = {isa = PBXFileReference; lastKnownFileType = sourcecode.swift; path = AgentSessionObserver.swift; sourceTree = "<group>"; };
		B25C7DC00406541512BE8A5D /* wtpad.app */ = {isa = PBXFileReference; explicitFileType = wrapper.application; includeInIndex = 0; path = wtpad.app; sourceTree = BUILT_PRODUCTS_DIR; };
		BEA490BA81E9C08450AB5D65 /* Ghostty.SurfaceView.swift */ = {isa = PBXFileReference; lastKnownFileType = sourcecode.swift; path = Ghostty.SurfaceView.swift; sourceTree = "<group>"; };
		BFF966D4C3D8EB19743FA633 /* wtpadTests.xctest */ = {isa = PBXFileReference; explicitFileType = wrapper.cfbundle; includeInIndex = 0; path = wtpadTests.xctest; sourceTree = BUILT_PRODUCTS_DIR; };
		C5719DD840FC11C63AF6F84E /* NoteWindow.swift */ = {isa = PBXFileReference; lastKnownFileType = sourcecode.swift; path = NoteWindow.swift; sourceTree = "<group>"; };
		C7413DF158A0D475363F560A /* ProjectListManager.swift */ = {isa = PBXFileReference; lastKnownFileType = sourcecode.swift; path = ProjectListManager.swift; sourceTree = "<group>"; };
		C7D100CF5E5C8418A0ADBF27 /* HookTerminalView.swift */ = {isa = PBXFileReference; lastKnownFileType = sourcecode.swift; path = HookTerminalView.swift; sourceTree = "<group>"; };
		D21FB46A23B163C26A6E2869 /* ProjectHooksTests.swift */ = {isa = PBXFileReference; lastKnownFileType = sourcecode.swift; path = ProjectHooksTests.swift; sourceTree = "<group>"; };
		D24AA30D8ADC37C645413C92 /* WorktreeManagerTests.swift */ = {isa = PBXFileReference; lastKnownFileType = sourcecode.swift; path = WorktreeManagerTests.swift; sourceTree = "<group>"; };
		D70F735E00E89E5639B51D00 /* WorktreeTests.swift */ = {isa = PBXFileReference; lastKnownFileType = sourcecode.swift; path = WorktreeTests.swift; sourceTree = "<group>"; };
		D987FD45FB41C6E0CAE64074 /* BuildInfo.generated.swift */ = {isa = PBXFileReference; lastKnownFileType = sourcecode.swift; path = BuildInfo.generated.swift; sourceTree = "<group>"; };
		DEF31A165F772369B33B90AA /* Ghostty.Config.swift */ = {isa = PBXFileReference; lastKnownFileType = sourcecode.swift; path = Ghostty.Config.swift; sourceTree = "<group>"; };
		E0CE0C805A860E996C7A1418 /* ProjectSettingsView.swift */ = {isa = PBXFileReference; lastKnownFileType = sourcecode.swift; path = ProjectSettingsView.swift; sourceTree = "<group>"; };
		E131E35523E6802F91F45113 /* ShellEnvironment.swift */ = {isa = PBXFileReference; lastKnownFileType = sourcecode.swift; path = ShellEnvironment.swift; sourceTree = "<group>"; };
		E856EBACD95238A075585AB1 /* ProjectSettings.swift */ = {isa = PBXFileReference; lastKnownFileType = sourcecode.swift; path = ProjectSettings.swift; sourceTree = "<group>"; };
		ED2CED240FCD89042A5D8C24 /* WtpadApp.swift */ = {isa = PBXFileReference; lastKnownFileType = sourcecode.swift; path = WtpadApp.swift; sourceTree = "<group>"; };
		F3465CE0A00F274998269952 /* TodoManager.swift */ = {isa = PBXFileReference; lastKnownFileType = sourcecode.swift; path = TodoManager.swift; sourceTree = "<group>"; };
		F5F5DC308A9728BBB89AFD24 /* TodosView.swift */ = {isa = PBXFileReference; lastKnownFileType = sourcecode.swift; path = TodosView.swift; sourceTree = "<group>"; };
		F5F78047833258F697B4FC40 /* Todo.swift */ = {isa = PBXFileReference; lastKnownFileType = sourcecode.swift; path = Todo.swift; sourceTree = "<group>"; };
		F75CC59B538970C35DC86285 /* WorkTaskCoordinator.swift */ = {isa = PBXFileReference; lastKnownFileType = sourcecode.swift; path = WorkTaskCoordinator.swift; sourceTree = "<group>"; };
/* End PBXFileReference section */

/* Begin PBXGroup section */
		3E93CC01F922F2B8EA910CDE /* Sources */ = {
			isa = PBXGroup;
			children = (
				18B91B5ED14C6B98525B5661 /* Assets.xcassets */,
				6F1FF42B73995D9739A65436 /* App */,
				FEBF30873C997D3240EB147A /* Ghostty */,
			);
			path = Sources;
			sourceTree = "<group>";
		};
		5DECF55CC94D47AD737D3890 = {
			isa = PBXGroup;
			children = (
				3E93CC01F922F2B8EA910CDE /* Sources */,
				5E9957D2885BF61B78E0A7B3 /* Tests */,
				735B9CCA3F0314ADA5083AC3 /* Products */,
			);
			sourceTree = "<group>";
		};
		5E9957D2885BF61B78E0A7B3 /* Tests */ = {
			isa = PBXGroup;
			children = (
				D21FB46A23B163C26A6E2869 /* ProjectHooksTests.swift */,
				6E1D01555B16916CD81B458C /* TestHelpers.swift */,
				D24AA30D8ADC37C645413C92 /* WorktreeManagerTests.swift */,
				D70F735E00E89E5639B51D00 /* WorktreeTests.swift */,
			);
			path = Tests;
			sourceTree = "<group>";
		};
		6F1FF42B73995D9739A65436 /* App */ = {
			isa = PBXGroup;
			children = (
				63E1F3C81285A1CCB1A1F2FB /* AboutView.swift */,
				B1936F71E657CC9141E7FEF6 /* AgentSessionObserver.swift */,
				D987FD45FB41C6E0CAE64074 /* BuildInfo.generated.swift */,
				8ABA3DD709EEBE0CD906DE99 /* ClaudeTodo.swift */,
				74342FC29C8E7A6F4789668D /* ClaudeTodoManager.swift */,
				69B324481DB038886F84E3C6 /* ContentView.swift */,
				15DE76037AB236AE890CDD14 /* DebugTerminalSheet.swift */,
				C7D100CF5E5C8418A0ADBF27 /* HookTerminalView.swift */,
				4359038C55EA5EAD56BC1D4A /* Note.swift */,
				0DF450431D96F5EDA07F9E06 /* NotesManager.swift */,
				5AB5A8C97B2AF141D8E08761 /* NotesView.swift */,
				C5719DD840FC11C63AF6F84E /* NoteWindow.swift */,
				C7413DF158A0D475363F560A /* ProjectListManager.swift */,
				E856EBACD95238A075585AB1 /* ProjectSettings.swift */,
				E0CE0C805A860E996C7A1418 /* ProjectSettingsView.swift */,
				1E0C29A6E40E55649C932A94 /* ProjectWindow.swift */,
				A80A4415AF3AF0E664DD76BB /* SettingsManager.swift */,
				7741B9A5C7263C21519C58A7 /* SettingsView.swift */,
				E131E35523E6802F91F45113 /* ShellEnvironment.swift */,
				03DB14A8F11663E0841091A1 /* SidebarView.swift */,
				01FB7448B35C6B9FDB865E27 /* TerminalManager.swift */,
				F5F78047833258F697B4FC40 /* Todo.swift */,
				F3465CE0A00F274998269952 /* TodoManager.swift */,
				1AFBDB7EEC91459D545D14AE /* TodosPanelView.swift */,
				F5F5DC308A9728BBB89AFD24 /* TodosView.swift */,
				181B7E4592F231B8B75683F7 /* WorkflowConfig.swift */,
				2D3C7A6965537B8316465C21 /* WorkTask.swift */,
				F75CC59B538970C35DC86285 /* WorkTaskCoordinator.swift */,
				34966E7F83FD3AA781DD252B /* WorkTaskDetailView.swift */,
				AAED3D48ED0D3C7B46CC2CDC /* WorkTaskListView.swift */,
				0F77888A98CCCBD8410D24DF /* WorkTaskManager.swift */,
				8346D6DF56660212501AB834 /* Worktree.swift */,
				ED2CED240FCD89042A5D8C24 /* WtpadApp.swift */,
			);
			path = App;
			sourceTree = "<group>";
		};
		735B9CCA3F0314ADA5083AC3 /* Products */ = {
			isa = PBXGroup;
			children = (
				B25C7DC00406541512BE8A5D /* wtpad.app */,
				BFF966D4C3D8EB19743FA633 /* wtpadTests.xctest */,
			);
			name = Products;
			sourceTree = "<group>";
		};
		FEBF30873C997D3240EB147A /* Ghostty */ = {
			isa = PBXGroup;
			children = (
				9527908B9C78C4108E22859F /* Ghostty.App.swift */,
				DEF31A165F772369B33B90AA /* Ghostty.Config.swift */,
				BEA490BA81E9C08450AB5D65 /* Ghostty.SurfaceView.swift */,
				1C31DD09D4C69C87B557F5C7 /* Ghostty.swift */,
				23CE662F2D877BFB67C37BB0 /* TerminalSurface.swift */,
			);
			path = Ghostty;
			sourceTree = "<group>";
		};
/* End PBXGroup section */

/* Begin PBXNativeTarget section */
		0A45DBCD26BD88B40EBD121A /* wtpadTests */ = {
			isa = PBXNativeTarget;
			buildConfigurationList = 823808D0B4EF5068ECD89A1C /* Build configuration list for PBXNativeTarget "wtpadTests" */;
			buildPhases = (
				A636E46AE70905B671B40D71 /* Sources */,
			);
			buildRules = (
			);
			dependencies = (
				A651CFBB047A4D4FFA6BA741 /* PBXTargetDependency */,
			);
			name = wtpadTests;
			packageProductDependencies = (
			);
			productName = wtpadTests;
			productReference = BFF966D4C3D8EB19743FA633 /* wtpadTests.xctest */;
			productType = "com.apple.product-type.bundle.unit-test";
		};
		FD4EC480F9297D82DDB39599 /* wtpad */ = {
			isa = PBXNativeTarget;
			buildConfigurationList = A610FA329D85E2EDDAB425A2 /* Build configuration list for PBXNativeTarget "wtpad" */;
			buildPhases = (
				D94CFE152489F9FD72FC43C8 /* Generate BuildInfo */,
				A1196DCF71024AC68765FF61 /* Sources */,
				2062A16E422EE24083DE6907 /* Resources */,
			);
			buildRules = (
			);
			dependencies = (
			);
			name = wtpad;
			packageProductDependencies = (
			);
			productName = wtpad;
			productReference = B25C7DC00406541512BE8A5D /* wtpad.app */;
			productType = "com.apple.product-type.application";
		};
/* End PBXNativeTarget section */

/* Begin PBXProject section */
		0F0E6A454F6DC7C057FD3D94 /* Project object */ = {
			isa = PBXProject;
			attributes = {
				BuildIndependentTargetsInParallel = YES;
				LastUpgradeCheck = 1600;
				TargetAttributes = {
				};
			};
			buildConfigurationList = 4CB321D417DFEBD271DCD3D8 /* Build configuration list for PBXProject "wtpad" */;
			developmentRegion = en;
			hasScannedForEncodings = 0;
			knownRegions = (
				Base,
				en,
			);
			mainGroup = 5DECF55CC94D47AD737D3890;
			minimizedProjectReferenceProxies = 1;
			preferredProjectObjectVersion = 77;
			productRefGroup = 735B9CCA3F0314ADA5083AC3 /* Products */;
			projectDirPath = "";
			projectRoot = "";
			targets = (
				FD4EC480F9297D82DDB39599 /* wtpad */,
				0A45DBCD26BD88B40EBD121A /* wtpadTests */,
			);
		};
/* End PBXProject section */

/* Begin PBXResourcesBuildPhase section */
		2062A16E422EE24083DE6907 /* Resources */ = {
			isa = PBXResourcesBuildPhase;
			buildActionMask = 2147483647;
			files = (
				71FA07133B87E4AF06939917 /* Assets.xcassets in Resources */,
			);
			runOnlyForDeploymentPostprocessing = 0;
		};
/* End PBXResourcesBuildPhase section */

/* Begin PBXShellScriptBuildPhase section */
		D94CFE152489F9FD72FC43C8 /* Generate BuildInfo */ = {
			isa = PBXShellScriptBuildPhase;
			buildActionMask = 2147483647;
			files = (
			);
			inputFileListPaths = (
			);
			inputPaths = (
			);
			name = "Generate BuildInfo";
			outputFileListPaths = (
			);
			outputPaths = (
				"$(PROJECT_DIR)/Sources/App/BuildInfo.generated.swift",
			);
			runOnlyForDeploymentPostprocessing = 0;
			shellPath = /bin/sh;
			shellScript = "COMMIT=$(git -C \"$PROJECT_DIR\" rev-parse --short HEAD 2>/dev/null || echo \"unknown\")\nCOMMIT=$(echo \"$COMMIT\" | tr -cd 'a-zA-Z0-9._-')\nTMPFILE=$(mktemp)\ncat > \"$TMPFILE\" <<SWIFT\n// Auto-generated at build time — do not edit.\nenum BuildInfo {\n    static let commit = \"$COMMIT\"\n}\nSWIFT\nTARGET=\"$PROJECT_DIR/Sources/App/BuildInfo.generated.swift\"\nif ! cmp -s \"$TMPFILE\" \"$TARGET\"; then\n  mv \"$TMPFILE\" \"$TARGET\"\nelse\n  rm \"$TMPFILE\"\nfi\n";
		};
/* End PBXShellScriptBuildPhase section */

/* Begin PBXSourcesBuildPhase section */
		A1196DCF71024AC68765FF61 /* Sources */ = {
			isa = PBXSourcesBuildPhase;
			buildActionMask = 2147483647;
			files = (
				ADCDD4D541E164756DC0253A /* AboutView.swift in Sources */,
				0B9091EB48260DE404DE1BEA /* AgentSessionObserver.swift in Sources */,
				08E2567ECF29BA1F754A6A24 /* BuildInfo.generated.swift in Sources */,
				9229595CD2D8DA028BCE03AB /* ClaudeTodo.swift in Sources */,
				5A13E8839F4CB341BCE2B212 /* ClaudeTodoManager.swift in Sources */,
				B9A7084CCFAF15F0E27B4277 /* ContentView.swift in Sources */,
				39171E29FE8032B712B9BA1D /* DebugTerminalSheet.swift in Sources */,
				12BE305CDFE8F309FCBCB685 /* Ghostty.App.swift in Sources */,
				FB58302C61812C992A5B80FD /* Ghostty.Config.swift in Sources */,
				6744BCB5CCC089545779D11B /* Ghostty.SurfaceView.swift in Sources */,
				C3958CDCB5AE2B73071F5B8A /* Ghostty.swift in Sources */,
				06290FABECDDC7A371F4E628 /* HookTerminalView.swift in Sources */,
				440A3E797D4F1E57430C8B5D /* Note.swift in Sources */,
				DD379A1DF85E388FAE8A45D6 /* NoteWindow.swift in Sources */,
				F0A274036A700D9E70D479AC /* NotesManager.swift in Sources */,
				EF2E6586623E234DEBF42A75 /* NotesView.swift in Sources */,
				0FBF93B25F9399F539E34FE5 /* ProjectListManager.swift in Sources */,
				41549514701263E028D48FDD /* ProjectSettings.swift in Sources */,
				FD5949251B8FFBD40F2937F1 /* ProjectSettingsView.swift in Sources */,
				8F48AD472EBF014CAEEEACBD /* ProjectWindow.swift in Sources */,
				23F3DE2EA1F241461398F3E8 /* SettingsManager.swift in Sources */,
				0DB5C85ACC622C3F3F209F80 /* SettingsView.swift in Sources */,
				1451CEC1D1439FB63557C4BD /* ShellEnvironment.swift in Sources */,
				2D62F55FAA8E918E156ED1AA /* SidebarView.swift in Sources */,
				038871591F5D1D8253532B63 /* TerminalManager.swift in Sources */,
				C4948D3D9639CAEE9663428B /* TerminalSurface.swift in Sources */,
				D84AA5A85BFD598DCAC3967E /* Todo.swift in Sources */,
				76B89E0A4E21109E261A57CE /* TodoManager.swift in Sources */,
				A220EE830CEEABF22E542949 /* TodosPanelView.swift in Sources */,
				C0E35BDFE5BD15C58381DBBB /* TodosView.swift in Sources */,
				8E4CBD869B2673C48B42F463 /* WorkTask.swift in Sources */,
				401F80E401628A50B236E785 /* WorkTaskCoordinator.swift in Sources */,
				B506C968297848C109A779D4 /* WorkTaskDetailView.swift in Sources */,
				1F7BC03D85A09D98E801B6D9 /* WorkTaskListView.swift in Sources */,
				241D1F1059AE3B7173B40331 /* WorkTaskManager.swift in Sources */,
				867D913ADBC95EB54AC9C885 /* WorkflowConfig.swift in Sources */,
				9A69DEA980E9D156F0F038B2 /* Worktree.swift in Sources */,
				47C4022ECD8251D0E2D34B4B /* WtpadApp.swift in Sources */,
			);
			runOnlyForDeploymentPostprocessing = 0;
		};
		A636E46AE70905B671B40D71 /* Sources */ = {
			isa = PBXSourcesBuildPhase;
			buildActionMask = 2147483647;
			files = (
				D3D76586F15D1E79133B3C8B /* ProjectHooksTests.swift in Sources */,
				E61377ACA7A5D6326B96E429 /* TestHelpers.swift in Sources */,
				4235FEADD0973204CB12B8EE /* WorktreeManagerTests.swift in Sources */,
				8E10EBB29C81C5636D6CD9D1 /* WorktreeTests.swift in Sources */,
			);
			runOnlyForDeploymentPostprocessing = 0;
		};
/* End PBXSourcesBuildPhase section */

/* Begin PBXTargetDependency section */
		A651CFBB047A4D4FFA6BA741 /* PBXTargetDependency */ = {
			isa = PBXTargetDependency;
			target = FD4EC480F9297D82DDB39599 /* wtpad */;
			targetProxy = 34DBDE0851279A9E7D9E4F05 /* PBXContainerItemProxy */;
		};
/* End PBXTargetDependency section */

/* Begin XCBuildConfiguration section */
		1F69671413BA7AC04E915823 /* Debug */ = {
			isa = XCBuildConfiguration;
			buildSettings = {
				BUNDLE_LOADER = "$(TEST_HOST)";
				COMBINE_HIDPI_IMAGES = YES;
				FRAMEWORK_SEARCH_PATHS = (
					"$(PROJECT_DIR)/ghostty/macos/GhosttyKit.xcframework/macos-arm64_x86_64",
				);
				GENERATE_INFOPLIST_FILE = YES;
				HEADER_SEARCH_PATHS = (
					"$(PROJECT_DIR)/ghostty/macos/GhosttyKit.xcframework/macos-arm64_x86_64/Headers",
				);
				LD_RUNPATH_SEARCH_PATHS = (
					"$(inherited)",
					"@executable_path/../Frameworks",
					"@loader_path/../Frameworks",
				);
				LIBRARY_SEARCH_PATHS = (
					"$(PROJECT_DIR)/ghostty/macos/GhosttyKit.xcframework/macos-arm64_x86_64",
				);
				PRODUCT_BUNDLE_IDENTIFIER = com.wtpad.mac.tests;
				SDKROOT = macosx;
				SWIFT_INCLUDE_PATHS = (
					"$(PROJECT_DIR)/ghostty/macos/GhosttyKit.xcframework/macos-arm64_x86_64/Headers",
				);
				SWIFT_VERSION = 5.10;
				TEST_HOST = "$(BUILT_PRODUCTS_DIR)/wtpad.app/Contents/MacOS/wtpad";
			};
			name = Debug;
		};
		217307572B8C36CFB2A99930 /* Debug */ = {
			isa = XCBuildConfiguration;
			buildSettings = {
				ALWAYS_SEARCH_USER_PATHS = NO;
				CLANG_ANALYZER_NONNULL = YES;
				CLANG_ANALYZER_NUMBER_OBJECT_CONVERSION = YES_AGGRESSIVE;
				CLANG_CXX_LANGUAGE_STANDARD = "gnu++14";
				CLANG_CXX_LIBRARY = "libc++";
				CLANG_ENABLE_MODULES = YES;
				CLANG_ENABLE_OBJC_ARC = YES;
				CLANG_ENABLE_OBJC_WEAK = YES;
				CLANG_WARN_BLOCK_CAPTURE_AUTORELEASING = YES;
				CLANG_WARN_BOOL_CONVERSION = YES;
				CLANG_WARN_COMMA = YES;
				CLANG_WARN_CONSTANT_CONVERSION = YES;
				CLANG_WARN_DEPRECATED_OBJC_IMPLEMENTATIONS = YES;
				CLANG_WARN_DIRECT_OBJC_ISA_USAGE = YES_ERROR;
				CLANG_WARN_DOCUMENTATION_COMMENTS = YES;
				CLANG_WARN_EMPTY_BODY = YES;
				CLANG_WARN_ENUM_CONVERSION = YES;
				CLANG_WARN_INFINITE_RECURSION = YES;
				CLANG_WARN_INT_CONVERSION = YES;
				CLANG_WARN_NON_LITERAL_NULL_CONVERSION = YES;
				CLANG_WARN_OBJC_IMPLICIT_RETAIN_SELF = YES;
				CLANG_WARN_OBJC_LITERAL_CONVERSION = YES;
				CLANG_WARN_OBJC_ROOT_CLASS = YES_ERROR;
				CLANG_WARN_QUOTED_INCLUDE_IN_FRAMEWORK_HEADER = YES;
				CLANG_WARN_RANGE_LOOP_ANALYSIS = YES;
				CLANG_WARN_STRICT_PROTOTYPES = YES;
				CLANG_WARN_SUSPICIOUS_MOVE = YES;
				CLANG_WARN_UNGUARDED_AVAILABILITY = YES_AGGRESSIVE;
				CLANG_WARN_UNREACHABLE_CODE = YES;
				CLANG_WARN__DUPLICATE_METHOD_MATCH = YES;
				COPY_PHASE_STRIP = NO;
				DEBUG_INFORMATION_FORMAT = dwarf;
				ENABLE_STRICT_OBJC_MSGSEND = YES;
				ENABLE_TESTABILITY = YES;
				GCC_C_LANGUAGE_STANDARD = gnu11;
				GCC_DYNAMIC_NO_PIC = NO;
				GCC_NO_COMMON_BLOCKS = YES;
				GCC_OPTIMIZATION_LEVEL = 0;
				GCC_PREPROCESSOR_DEFINITIONS = (
					"$(inherited)",
					"DEBUG=1",
				);
				GCC_WARN_64_TO_32_BIT_CONVERSION = YES;
				GCC_WARN_ABOUT_RETURN_TYPE = YES_ERROR;
				GCC_WARN_UNDECLARED_SELECTOR = YES;
				GCC_WARN_UNINITIALIZED_AUTOS = YES_AGGRESSIVE;
				GCC_WARN_UNUSED_FUNCTION = YES;
				GCC_WARN_UNUSED_VARIABLE = YES;
				MACOSX_DEPLOYMENT_TARGET = 13.0;
				MTL_ENABLE_DEBUG_INFO = INCLUDE_SOURCE;
				MTL_FAST_MATH = YES;
				ONLY_ACTIVE_ARCH = YES;
				PRODUCT_NAME = "$(TARGET_NAME)";
				SDKROOT = macosx;
				SWIFT_ACTIVE_COMPILATION_CONDITIONS = DEBUG;
				SWIFT_OPTIMIZATION_LEVEL = "-Onone";
				SWIFT_VERSION = 5.10;
			};
			name = Debug;
		};
		2CB2844359455895FC8581A7 /* Debug */ = {
			isa = XCBuildConfiguration;
			buildSettings = {
				ASSETCATALOG_COMPILER_APPICON_NAME = AppIcon;
				CLANG_ENABLE_MODULES = YES;
				CODE_SIGN_ENTITLEMENTS = wtpad.entitlements;
				CODE_SIGN_IDENTITY = "-";
				COMBINE_HIDPI_IMAGES = YES;
				CURRENT_PROJECT_VERSION = 3;
				FRAMEWORK_SEARCH_PATHS = (
					"$(PROJECT_DIR)/ghostty/macos/GhosttyKit.xcframework/macos-arm64_x86_64",
				);
				GENERATE_INFOPLIST_FILE = YES;
				HEADER_SEARCH_PATHS = (
					"$(PROJECT_DIR)/ghostty/macos/GhosttyKit.xcframework/macos-arm64_x86_64/Headers",
				);
				INFOPLIST_FILE = "";
				LD_RUNPATH_SEARCH_PATHS = (
					"$(inherited)",
					"@executable_path/../Frameworks",
				);
				LIBRARY_SEARCH_PATHS = (
					"$(PROJECT_DIR)/ghostty/macos/GhosttyKit.xcframework/macos-arm64_x86_64",
				);
				MARKETING_VERSION = 0.3.0;
				OTHER_LDFLAGS = (
					"-lghostty",
					"-lz",
					"-lc++",
					"-framework Metal",
					"-framework QuartzCore",
					"-framework CoreText",
					"-framework CoreGraphics",
					"-framework IOSurface",
					"-framework CoreFoundation",
					"-framework Foundation",
					"-framework AppKit",
					"-framework Carbon",
				);
				PRODUCT_BUNDLE_IDENTIFIER = com.wtpad.mac;
				PRODUCT_NAME = wtpad;
				SDKROOT = macosx;
				SWIFT_INCLUDE_PATHS = (
					"$(PROJECT_DIR)/ghostty/macos/GhosttyKit.xcframework/macos-arm64_x86_64/Headers",
				);
				SWIFT_OBJC_BRIDGING_HEADER = "";
			};
			name = Debug;
		};
		3CF8FC0CA7163533930E13EF /* Release */ = {
			isa = XCBuildConfiguration;
			buildSettings = {
				ASSETCATALOG_COMPILER_APPICON_NAME = AppIcon;
				CLANG_ENABLE_MODULES = YES;
				CODE_SIGN_ENTITLEMENTS = wtpad.entitlements;
				CODE_SIGN_IDENTITY = "-";
				COMBINE_HIDPI_IMAGES = YES;
				CURRENT_PROJECT_VERSION = 3;
				FRAMEWORK_SEARCH_PATHS = (
					"$(PROJECT_DIR)/ghostty/macos/GhosttyKit.xcframework/macos-arm64_x86_64",
				);
				GENERATE_INFOPLIST_FILE = YES;
				HEADER_SEARCH_PATHS = (
					"$(PROJECT_DIR)/ghostty/macos/GhosttyKit.xcframework/macos-arm64_x86_64/Headers",
				);
				INFOPLIST_FILE = "";
				LD_RUNPATH_SEARCH_PATHS = (
					"$(inherited)",
					"@executable_path/../Frameworks",
				);
				LIBRARY_SEARCH_PATHS = (
					"$(PROJECT_DIR)/ghostty/macos/GhosttyKit.xcframework/macos-arm64_x86_64",
				);
				MARKETING_VERSION = 0.3.0;
				OTHER_LDFLAGS = (
					"-lghostty",
					"-lz",
					"-lc++",
					"-framework Metal",
					"-framework QuartzCore",
					"-framework CoreText",
					"-framework CoreGraphics",
					"-framework IOSurface",
					"-framework CoreFoundation",
					"-framework Foundation",
					"-framework AppKit",
					"-framework Carbon",
				);
				PRODUCT_BUNDLE_IDENTIFIER = com.wtpad.mac;
				PRODUCT_NAME = wtpad;
				SDKROOT = macosx;
				SWIFT_INCLUDE_PATHS = (
					"$(PROJECT_DIR)/ghostty/macos/GhosttyKit.xcframework/macos-arm64_x86_64/Headers",
				);
				SWIFT_OBJC_BRIDGING_HEADER = "";
			};
			name = Release;
		};
		BD12B92C1522D9747DABCB76 /* Release */ = {
			isa = XCBuildConfiguration;
			buildSettings = {
				BUNDLE_LOADER = "$(TEST_HOST)";
				COMBINE_HIDPI_IMAGES = YES;
				FRAMEWORK_SEARCH_PATHS = (
					"$(PROJECT_DIR)/ghostty/macos/GhosttyKit.xcframework/macos-arm64_x86_64",
				);
				GENERATE_INFOPLIST_FILE = YES;
				HEADER_SEARCH_PATHS = (
					"$(PROJECT_DIR)/ghostty/macos/GhosttyKit.xcframework/macos-arm64_x86_64/Headers",
				);
				LD_RUNPATH_SEARCH_PATHS = (
					"$(inherited)",
					"@executable_path/../Frameworks",
					"@loader_path/../Frameworks",
				);
				LIBRARY_SEARCH_PATHS = (
					"$(PROJECT_DIR)/ghostty/macos/GhosttyKit.xcframework/macos-arm64_x86_64",
				);
				PRODUCT_BUNDLE_IDENTIFIER = com.wtpad.mac.tests;
				SDKROOT = macosx;
				SWIFT_INCLUDE_PATHS = (
					"$(PROJECT_DIR)/ghostty/macos/GhosttyKit.xcframework/macos-arm64_x86_64/Headers",
				);
				SWIFT_VERSION = 5.10;
				TEST_HOST = "$(BUILT_PRODUCTS_DIR)/wtpad.app/Contents/MacOS/wtpad";
			};
			name = Release;
		};
		D7715E5183212D4C273E5BB6 /* Release */ = {
			isa = XCBuildConfiguration;
			buildSettings = {
				ALWAYS_SEARCH_USER_PATHS = NO;
				CLANG_ANALYZER_NONNULL = YES;
				CLANG_ANALYZER_NUMBER_OBJECT_CONVERSION = YES_AGGRESSIVE;
				CLANG_CXX_LANGUAGE_STANDARD = "gnu++14";
				CLANG_CXX_LIBRARY = "libc++";
				CLANG_ENABLE_MODULES = YES;
				CLANG_ENABLE_OBJC_ARC = YES;
				CLANG_ENABLE_OBJC_WEAK = YES;
				CLANG_WARN_BLOCK_CAPTURE_AUTORELEASING = YES;
				CLANG_WARN_BOOL_CONVERSION = YES;
				CLANG_WARN_COMMA = YES;
				CLANG_WARN_CONSTANT_CONVERSION = YES;
				CLANG_WARN_DEPRECATED_OBJC_IMPLEMENTATIONS = YES;
				CLANG_WARN_DIRECT_OBJC_ISA_USAGE = YES_ERROR;
				CLANG_WARN_DOCUMENTATION_COMMENTS = YES;
				CLANG_WARN_EMPTY_BODY = YES;
				CLANG_WARN_ENUM_CONVERSION = YES;
				CLANG_WARN_INFINITE_RECURSION = YES;
				CLANG_WARN_INT_CONVERSION = YES;
				CLANG_WARN_NON_LITERAL_NULL_CONVERSION = YES;
				CLANG_WARN_OBJC_IMPLICIT_RETAIN_SELF = YES;
				CLANG_WARN_OBJC_LITERAL_CONVERSION = YES;
				CLANG_WARN_OBJC_ROOT_CLASS = YES_ERROR;
				CLANG_WARN_QUOTED_INCLUDE_IN_FRAMEWORK_HEADER = YES;
				CLANG_WARN_RANGE_LOOP_ANALYSIS = YES;
				CLANG_WARN_STRICT_PROTOTYPES = YES;
				CLANG_WARN_SUSPICIOUS_MOVE = YES;
				CLANG_WARN_UNGUARDED_AVAILABILITY = YES_AGGRESSIVE;
				CLANG_WARN_UNREACHABLE_CODE = YES;
				CLANG_WARN__DUPLICATE_METHOD_MATCH = YES;
				COPY_PHASE_STRIP = NO;
				DEBUG_INFORMATION_FORMAT = "dwarf-with-dsym";
				ENABLE_NS_ASSERTIONS = NO;
				ENABLE_STRICT_OBJC_MSGSEND = YES;
				GCC_C_LANGUAGE_STANDARD = gnu11;
				GCC_NO_COMMON_BLOCKS = YES;
				GCC_WARN_64_TO_32_BIT_CONVERSION = YES;
				GCC_WARN_ABOUT_RETURN_TYPE = YES_ERROR;
				GCC_WARN_UNDECLARED_SELECTOR = YES;
				GCC_WARN_UNINITIALIZED_AUTOS = YES_AGGRESSIVE;
				GCC_WARN_UNUSED_FUNCTION = YES;
				GCC_WARN_UNUSED_VARIABLE = YES;
				MACOSX_DEPLOYMENT_TARGET = 13.0;
				MTL_ENABLE_DEBUG_INFO = NO;
				MTL_FAST_MATH = YES;
				PRODUCT_NAME = "$(TARGET_NAME)";
				SDKROOT = macosx;
				SWIFT_COMPILATION_MODE = wholemodule;
				SWIFT_OPTIMIZATION_LEVEL = "-O";
				SWIFT_VERSION = 5.10;
			};
			name = Release;
		};
/* End XCBuildConfiguration section */

/* Begin XCConfigurationList section */
		4CB321D417DFEBD271DCD3D8 /* Build configuration list for PBXProject "wtpad" */ = {
			isa = XCConfigurationList;
			buildConfigurations = (
				217307572B8C36CFB2A99930 /* Debug */,
				D7715E5183212D4C273E5BB6 /* Release */,
			);
			defaultConfigurationIsVisible = 0;
			defaultConfigurationName = Debug;
		};
		823808D0B4EF5068ECD89A1C /* Build configuration list for PBXNativeTarget "wtpadTests" */ = {
			isa = XCConfigurationList;
			buildConfigurations = (
				1F69671413BA7AC04E915823 /* Debug */,
				BD12B92C1522D9747DABCB76 /* Release */,
			);
			defaultConfigurationIsVisible = 0;
			defaultConfigurationName = Debug;
		};
		A610FA329D85E2EDDAB425A2 /* Build configuration list for PBXNativeTarget "wtpad" */ = {
			isa = XCConfigurationList;
			buildConfigurations = (
				2CB2844359455895FC8581A7 /* Debug */,
				3CF8FC0CA7163533930E13EF /* Release */,
			);
			defaultConfigurationIsVisible = 0;
			defaultConfigurationName = Debug;
		};
/* End XCConfigurationList section */
	};
	rootObject = 0F0E6A454F6DC7C057FD3D94 /* Project object */;
}
