{
  "originHash" : "dea0cf99ab2160fb515061f6c4711adbdd2f7f88876dd923be7c3ddd3ebfdcf9",
  "pins" : [
    {
      "identity" : "cmark-gfm",
      "kind" : "remoteSourceControl",
      "location" : "https://github.com/brokenhandsio/cmark-gfm.git",
      "state" : {
        "revision" : "e97450a77a40f12b4f88f95891621c3b5d8669de",
        "version" : "2.1.0"
      }
    }
  ],
  "version" : 3
}
