// !$*UTF8*$!
{
	archiveVersion = 1;
	classes = {
	};
	objectVersion = 77;
	objects = {

/* Begin PBXBuildFile section */
		019F844C8E3EFD5F8E2AA128 /* MarkdownSyntaxHighlighter.swift in Sources */ = {isa = PBXBuildFile; fileRef = AF845FCB581E1B628B736556 /* MarkdownSyntaxHighlighter.swift */; };
		01C9CB11CF62FE4F23A61375 /* MarkdownPreviewView.swift in Sources */ = {isa = PBXBuildFile; fileRef = 1753DB7CA84C6EBA0B8922EE /* MarkdownPreviewView.swift */; };
		02E2455DB98F98DAF5DD93B9 /* TerminalTab.swift in Sources */ = {isa = PBXBuildFile; fileRef = CF064EDBE730B518F29471B7 /* TerminalTab.swift */; };
		073439951C4EB24061AFC339 /* ClearwayApp.swift in Sources */ = {isa = PBXBuildFile; fileRef = A63436E71D9D22F8C52CC078 /* ClearwayApp.swift */; };
		0811368556095DA0E4F251F3 /* AgentSessionObserver.swift in Sources */ = {isa = PBXBuildFile; fileRef = 32483ACE7E2BCCF4724CC79E /* AgentSessionObserver.swift */; };
		0D4C88A1FDBBC5AD8D642D55 /* WorktreeGroupManagerTests.swift in Sources */ = {isa = PBXBuildFile; fileRef = 267B4A2443A2B77A25F80243 /* WorktreeGroupManagerTests.swift */; };
		0F8E132F12B5D4706C7987F1 /* WorkTaskAgentMetadata.swift in Sources */ = {isa = PBXBuildFile; fileRef = 3E26CDCCCC6A94327DEA9DE5 /* WorkTaskAgentMetadata.swift */; };
		12AD5E5827F35FCBB3875D86 /* WorkTaskManagerTests.swift in Sources */ = {isa = PBXBuildFile; fileRef = 945B3045E3051C6B10BD34E4 /* WorkTaskManagerTests.swift */; };
		151797A90DE5D9831A9A9A25 /* WorktreeGroupManager.swift in Sources */ = {isa = PBXBuildFile; fileRef = C0AE4B9588D3D7473C1A2835 /* WorktreeGroupManager.swift */; };
		1727A54CCA2B65EC1F18B9C5 /* Todo.swift in Sources */ = {isa = PBXBuildFile; fileRef = AA925629DB815AC555414676 /* Todo.swift */; };
		1D79BDC62A43580E0D889E6C /* GitResolver.swift in Sources */ = {isa = PBXBuildFile; fileRef = AF04318569BD95EFE4C470CA /* GitResolver.swift */; };
		220AFB60F0B0AE7311F180F9 /* WorkTaskCoordinator+ConfigWatching.swift in Sources */ = {isa = PBXBuildFile; fileRef = 8AF073149E1F5E5CDC6DC22E /* WorkTaskCoordinator+ConfigWatching.swift */; };
		227AAB3A6CC265B56E4E61BB /* WorktreeGroupStore.swift in Sources */ = {isa = PBXBuildFile; fileRef = AE2AB2AB726BE02766D5A27D /* WorktreeGroupStore.swift */; };
		228FC795606DBD56B6845337 /* WorkTaskCoordinator.swift in Sources */ = {isa = PBXBuildFile; fileRef = F8B84D6620AD4362D7433C63 /* WorkTaskCoordinator.swift */; };
		2660005537FA16CD9ED4B9A9 /* WorkTask.swift in Sources */ = {isa = PBXBuildFile; fileRef = EC1F48D279D802C46C9A7164 /* WorkTask.swift */; };
		2678B9560A2D12B8CC5C1076 /* ContentViewHelpers.swift in Sources */ = {isa = PBXBuildFile; fileRef = 17F9D304788805B4A4AF1056 /* ContentViewHelpers.swift */; };
		269DF3F2263E554B0083CDC6 /* Ghostty.swift in Sources */ = {isa = PBXBuildFile; fileRef = 4224CF2CA76BDF5405FD737D /* Ghostty.swift */; };
		2780C26D99F1C1FCAA846A07 /* TerminalTabKindTests.swift in Sources */ = {isa = PBXBuildFile; fileRef = F6AC6A1436F22549F83FB805 /* TerminalTabKindTests.swift */; };
		2AAF47ECAB371BF3E59DD2F1 /* SidebarView.swift in Sources */ = {isa = PBXBuildFile; fileRef = 1D9DEE3F414E3AD4551FCC62 /* SidebarView.swift */; };
		2BF186BD2AAC70BBA557891C /* ProjectHooksTests.swift in Sources */ = {isa = PBXBuildFile; fileRef = E33001A8BB991B5707FB5AD4 /* ProjectHooksTests.swift */; };
		2E94F35E227CD1A673BF7C0E /* Sparkle in Frameworks */ = {isa = PBXBuildFile; productRef = A834CA46BCB2AE8057A4A151 /* Sparkle */; };
		2F43B4C896A89D4494DFFBC3 /* WorktreeTests.swift in Sources */ = {isa = PBXBuildFile; fileRef = BC9B72EE6CE255D7A9004F92 /* WorktreeTests.swift */; };
		2FB243F96D91E1E974674EA4 /* WorkTaskCoordinator+AutoFire.swift in Sources */ = {isa = PBXBuildFile; fileRef = 19A2B8D64BACC62D95F8AFAA /* WorkTaskCoordinator+AutoFire.swift */; };
		341BA0217D7DFD0145AEA798 /* WorktreeGroupStoreTests.swift in Sources */ = {isa = PBXBuildFile; fileRef = B835A714483253365FD9A156 /* WorktreeGroupStoreTests.swift */; };
		3561916FAD889C8956F04F7F /* WorkTaskCoordinator+WorkflowWatching.swift in Sources */ = {isa = PBXBuildFile; fileRef = B95F7DA4ACA45BD15D5CE43A /* WorkTaskCoordinator+WorkflowWatching.swift */; };
		38A4A022B43AF4C7D0FD042E /* PromptListView.swift in Sources */ = {isa = PBXBuildFile; fileRef = A289D16C8729AD679B9C0921 /* PromptListView.swift */; };
		3C18348092C81FF44FD574A6 /* NotesManager.swift in Sources */ = {isa = PBXBuildFile; fileRef = D1DAD3AB1F473D50C3B2D6F5 /* NotesManager.swift */; };
		3D872F61D9F52EAEC3A5035D /* TodosView.swift in Sources */ = {isa = PBXBuildFile; fileRef = 9EC9411B19B7913605A851B1 /* TodosView.swift */; };
		4031D86051F555F3AA1246FF /* NoteWindow.swift in Sources */ = {isa = PBXBuildFile; fileRef = 52EAD6E8D228C6BF10976F6F /* NoteWindow.swift */; };
		42155B76BB188431297E6DB4 /* ProjectSelectorView.swift in Sources */ = {isa = PBXBuildFile; fileRef = 2A1B7DFE2FBC5E4336E055DC /* ProjectSelectorView.swift */; };
		449E2BD69F4AAAFC69ADBDE3 /* TerminalSurface.swift in Sources */ = {isa = PBXBuildFile; fileRef = 565AC0451DC45348A309739E /* TerminalSurface.swift */; };
		44C8206EE4CA6D3A6A82875A /* MarkdownEditorView.swift in Sources */ = {isa = PBXBuildFile; fileRef = 86F03706FEA2A1FDBB4B3BFC /* MarkdownEditorView.swift */; };
		463BA801BBC392709E59B997 /* CaffeineManager.swift in Sources */ = {isa = PBXBuildFile; fileRef = 9103F6CCBDA7502CE85CB833 /* CaffeineManager.swift */; };
		49FE009377B405FAA2EAA9C4 /* ShellEnvironment.swift in Sources */ = {isa = PBXBuildFile; fileRef = 8742B714B02945F53726FF28 /* ShellEnvironment.swift */; };
		4B893323A9B68E25C793CA8E /* TerminalManager+TaskTerminals.swift in Sources */ = {isa = PBXBuildFile; fileRef = 172FE703B96BA5ABB88D82E1 /* TerminalManager+TaskTerminals.swift */; };
		4C1B01303EA21622302D3B3B /* WorktreeGroup.swift in Sources */ = {isa = PBXBuildFile; fileRef = 42D5DF54D44C54CC6AD38D22 /* WorktreeGroup.swift */; };
		4D2C390BA3FFDF6DF083381C /* GitResolverTests.swift in Sources */ = {isa = PBXBuildFile; fileRef = 87D53B2248C692859A82CD26 /* GitResolverTests.swift */; };
		4DA77E36EA8507BD933DBC73 /* WorkflowEditorView.swift in Sources */ = {isa = PBXBuildFile; fileRef = A348415668FA1864F0472086 /* WorkflowEditorView.swift */; };
		4E938F1980F1BE1C0ED78829 /* SettingsView.swift in Sources */ = {isa = PBXBuildFile; fileRef = EF5D6B020A6E238AE1AE099E /* SettingsView.swift */; };
		4F05B35AB55CF4803117305E /* WorkTaskListView.swift in Sources */ = {isa = PBXBuildFile; fileRef = 904DFD7B789728DE14A731A1 /* WorkTaskListView.swift */; };
		51DBF4BEA3F8EC156EAF4731 /* WorkflowAutomation.swift in Sources */ = {isa = PBXBuildFile; fileRef = F80A06A83E3E73DA67916873 /* WorkflowAutomation.swift */; };
		580D2E6B477C1421F4BCEF8B /* PreviewCSS.swift in Sources */ = {isa = PBXBuildFile; fileRef = 867076303E561F4171EF4C92 /* PreviewCSS.swift */; };
		583F171B12ED0A94B257F841 /* ClaudeActivityMonitor.swift in Sources */ = {isa = PBXBuildFile; fileRef = 6ABF783A68A2ECAFF5F8498C /* ClaudeActivityMonitor.swift */; };
		5BC05BCB16F127EF9EEEFB9F /* ProjectSettingsView.swift in Sources */ = {isa = PBXBuildFile; fileRef = 9329F0AF3D9A7FF50F684992 /* ProjectSettingsView.swift */; };
		63345BE618731999D832C586 /* PromptManagerTests.swift in Sources */ = {isa = PBXBuildFile; fileRef = 2E372333888BC8E073569810 /* PromptManagerTests.swift */; };
		641841E20D13715149CA3EEF /* Ghostty.Shell.swift in Sources */ = {isa = PBXBuildFile; fileRef = 733E42F6C068BE314FAD921E /* Ghostty.Shell.swift */; };
		69E1EF840D0BBBD01CADE677 /* TaskAsideView.swift in Sources */ = {isa = PBXBuildFile; fileRef = 0AA2F9015F08B68DAD03FD12 /* TaskAsideView.swift */; };
		6CB2E8C06F348EF807A2431D /* ContentView.swift in Sources */ = {isa = PBXBuildFile; fileRef = 90F058F6484B056DE5C42A4C /* ContentView.swift */; };
		6D020C60A37F76E749F5A353 /* TerminalManager+Panels.swift in Sources */ = {isa = PBXBuildFile; fileRef = E3193EB27B18ECBEDF1F126F /* TerminalManager+Panels.swift */; };
		6D33DC48A8F6646366418B8E /* SidebarSheets.swift in Sources */ = {isa = PBXBuildFile; fileRef = B81142617650A73C69973357 /* SidebarSheets.swift */; };
		6F5D6D9BFBD2C994864797CC /* SettingsManagerTests.swift in Sources */ = {isa = PBXBuildFile; fileRef = D2AB573195FEC4085A71777E /* SettingsManagerTests.swift */; };
		7551EBE1429FFD9A379C730C /* DebugTerminalSheet.swift in Sources */ = {isa = PBXBuildFile; fileRef = E63ED4D49D7021A58F8C1B10 /* DebugTerminalSheet.swift */; };
		75AE7FFC553C6C15E5FEC328 /* TerminalManagerTests.swift in Sources */ = {isa = PBXBuildFile; fileRef = 559C61A49130CBB58157612B /* TerminalManagerTests.swift */; };
		75D1A4AC9E315E7AEC9262DE /* AboutView.swift in Sources */ = {isa = PBXBuildFile; fileRef = 85F31ADDFCB34EC7850C6AA2 /* AboutView.swift */; };
		7739376590F4EE192D1C46C9 /* SettingsManager.swift in Sources */ = {isa = PBXBuildFile; fileRef = EB42EDB75EED976AD230B319 /* SettingsManager.swift */; };
		78C1B08688DBF1C02B5FFD67 /* TodoManager.swift in Sources */ = {isa = PBXBuildFile; fileRef = 6EDD7D8AFCCD8757C5507EC2 /* TodoManager.swift */; };
		78DA0D93830C945A94FBD146 /* BuildInfo.generated.swift in Sources */ = {isa = PBXBuildFile; fileRef = C6C4FB599AF3B00EF5E9EDB4 /* BuildInfo.generated.swift */; };
		7AFE7009A5CBDE5606F59B9D /* NotesView.swift in Sources */ = {isa = PBXBuildFile; fileRef = 7844869D3D26BEAE9F97543F /* NotesView.swift */; };
		7DA12F43C612C19B6EC1D01B /* ClaudeTodoManager.swift in Sources */ = {isa = PBXBuildFile; fileRef = FEFC31B3C3935529382C89CA /* ClaudeTodoManager.swift */; };
		7DD769DE37FAC9D25BEE8F6C /* NSAppearance+IsDark.swift in Sources */ = {isa = PBXBuildFile; fileRef = 755813494B738E5A8EB3AD43 /* NSAppearance+IsDark.swift */; };
		85975239EB49D62F04CCEC30 /* WorkflowAutomationTests.swift in Sources */ = {isa = PBXBuildFile; fileRef = CEACD4EA30A76B1BC3C35F39 /* WorkflowAutomationTests.swift */; };
		8885034D7B3751E8136F271B /* WorktreeManagerTests.swift in Sources */ = {isa = PBXBuildFile; fileRef = 6B68B8EBEF3BDC73880AC3ED /* WorktreeManagerTests.swift */; };
		8BB1718FAC646B81A3A56D99 /* PlanningConfig.swift in Sources */ = {isa = PBXBuildFile; fileRef = BBDD4B66A2E58EF07F84154D /* PlanningConfig.swift */; };
		94E634B515C7B773A791EF1A /* MainTerminalTabStrip.swift in Sources */ = {isa = PBXBuildFile; fileRef = EE7FCD6FD5DA825EB4A05C2D /* MainTerminalTabStrip.swift */; };
		980A81CFA86592849DCBC170 /* Ghostty.SurfaceView.swift in Sources */ = {isa = PBXBuildFile; fileRef = B8E7C6A11E4EBE142122DE83 /* Ghostty.SurfaceView.swift */; };
		98B18A8F9508E08F7E852BF4 /* Prompt.swift in Sources */ = {isa = PBXBuildFile; fileRef = A1A28DBBCFBC067478FD8795 /* Prompt.swift */; };
		9A487EAD60BF5CCC0B857480 /* HookTerminalView.swift in Sources */ = {isa = PBXBuildFile; fileRef = 082941B45A325DC6BC9C8DF6 /* HookTerminalView.swift */; };
		9E7CC617E9974FE6FB224441 /* ProjectSettings.swift in Sources */ = {isa = PBXBuildFile; fileRef = 8AC79F9A899F03CE1BDFF0D4 /* ProjectSettings.swift */; };
		A11605073176EFDF1A6EE5DF /* ClaudeTodo.swift in Sources */ = {isa = PBXBuildFile; fileRef = 1B14527F0BC588875644727E /* ClaudeTodo.swift */; };
		AC4FAE844570FB2DCAEB8A37 /* PromptManager.swift in Sources */ = {isa = PBXBuildFile; fileRef = 02A15AF63CD7636A38973624 /* PromptManager.swift */; };
		ACD545748BD65DBB40766EAA /* YAMLHelpers.swift in Sources */ = {isa = PBXBuildFile; fileRef = 1138041E022C758DED6DA7B5 /* YAMLHelpers.swift */; };
		B04975A2CFF84C4577C01698 /* cmark in Frameworks */ = {isa = PBXBuildFile; productRef = 56382C26DF738F11CBAD2CFC /* cmark */; };
		BF7B2B3A581298E37A5F8118 /* GhosttyShellTests.swift in Sources */ = {isa = PBXBuildFile; fileRef = F9EC693CFB08AE6AD787405A /* GhosttyShellTests.swift */; };
		BFE1B15A576FC8B6B2C8424D /* PromptWindow.swift in Sources */ = {isa = PBXBuildFile; fileRef = E00AD18F6EABC22D6B4212D0 /* PromptWindow.swift */; };
		C120017209D6A467A66102D5 /* Ghostty.Config.swift in Sources */ = {isa = PBXBuildFile; fileRef = 7862270D9FA477C155E4EB09 /* Ghostty.Config.swift */; };
		C588CA3DA4FDF7BA31F26057 /* Note.swift in Sources */ = {isa = PBXBuildFile; fileRef = DA3B22C73F9FBE52FAFCEFDC /* Note.swift */; };
		C5BEC93B9ABDAD4794884644 /* Ghostty.App.swift in Sources */ = {isa = PBXBuildFile; fileRef = 9AF79A9AC43E45BCC60D2C8C /* Ghostty.App.swift */; };
		CAACE972B2B4C53CAEF632F3 /* PromptsView.swift in Sources */ = {isa = PBXBuildFile; fileRef = C00CC5D8B585782655D8A81A /* PromptsView.swift */; };
		D0A0EE4507A2471A788029A0 /* ProjectListManager.swift in Sources */ = {isa = PBXBuildFile; fileRef = 179B8378B9C31AFE3AEFEE34 /* ProjectListManager.swift */; };
		D33FDF25047407F4E8B60584 /* TerminalManager.swift in Sources */ = {isa = PBXBuildFile; fileRef = 43C4ECCB3CFD45DB93164068 /* TerminalManager.swift */; };
		D98DC71E772EBE02BBE7ED28 /* TestHelpers.swift in Sources */ = {isa = PBXBuildFile; fileRef = 0C58029EBBB6F3D3E03A8FDE /* TestHelpers.swift */; };
		DD0CC7FF70777D368E7BE54F /* AppNotifications.swift in Sources */ = {isa = PBXBuildFile; fileRef = 946872F556F95BBB45E91EBD /* AppNotifications.swift */; };
		E1E15B0EAE5B230942FBCC4C /* TaskDetailView.swift in Sources */ = {isa = PBXBuildFile; fileRef = 54E4F120F042C2615893DCE6 /* TaskDetailView.swift */; };
		E3FFB76D4901447D99D5DBDE /* WorkTaskManager.swift in Sources */ = {isa = PBXBuildFile; fileRef = 519CCB6B1F4816743FC10503 /* WorkTaskManager.swift */; };
		E772C9D9941AAB1C3AC399DF /* WorkTaskWindow.swift in Sources */ = {isa = PBXBuildFile; fileRef = BF303BDB106268697C4BEB27 /* WorkTaskWindow.swift */; };
		E8C2DC7EBBC5489F51610A85 /* PromptLauncherView.swift in Sources */ = {isa = PBXBuildFile; fileRef = 4D3396ABC258004DA10D0685 /* PromptLauncherView.swift */; };
		EB491D3A6BE4934B06A9B67B /* MarkdownRenderer.swift in Sources */ = {isa = PBXBuildFile; fileRef = BDF8559C2AABE5237F01B8D0 /* MarkdownRenderer.swift */; };
		EBE18373B5AC1A72F2197FCF /* Worktree.swift in Sources */ = {isa = PBXBuildFile; fileRef = 111635747B13F014EEF1AB32 /* Worktree.swift */; };
		F0C141C306E95B91B5750C24 /* TodosPanelView.swift in Sources */ = {isa = PBXBuildFile; fileRef = 62E65C09069869291224DF1D /* TodosPanelView.swift */; };
		F37D1613C1DF3740CA1802C4 /* PromptDetailView.swift in Sources */ = {isa = PBXBuildFile; fileRef = E4FED179216122D158BE6A56 /* PromptDetailView.swift */; };
		F50B48B75A6494ED0EC0BC03 /* Assets.xcassets in Resources */ = {isa = PBXBuildFile; fileRef = ADD413DCDFE98EF635534720 /* Assets.xcassets */; };
		FB4F22980A006328A8B51039 /* ProjectWindow.swift in Sources */ = {isa = PBXBuildFile; fileRef = 5A687B79E4CF9B494E2A6391 /* ProjectWindow.swift */; };
/* End PBXBuildFile section */

/* Begin PBXContainerItemProxy section */
		FB196BA716CFEF1F0F8546F3 /* PBXContainerItemProxy */ = {
			isa = PBXContainerItemProxy;
			containerPortal = 1EAD8CE256EC21BD1B1053E4 /* Project object */;
			proxyType = 1;
			remoteGlobalIDString = 49CD5371DBC4C1B0EEEF260F;
			remoteInfo = Clearway;
		};
/* End PBXContainerItemProxy section */

/* Begin PBXFileReference section */
		02A15AF63CD7636A38973624 /* PromptManager.swift */ = {isa = PBXFileReference; lastKnownFileType = sourcecode.swift; path = PromptManager.swift; sourceTree = "<group>"; };
		082941B45A325DC6BC9C8DF6 /* HookTerminalView.swift */ = {isa = PBXFileReference; lastKnownFileType = sourcecode.swift; path = HookTerminalView.swift; sourceTree = "<group>"; };
		0AA2F9015F08B68DAD03FD12 /* TaskAsideView.swift */ = {isa = PBXFileReference; lastKnownFileType = sourcecode.swift; path = TaskAsideView.swift; sourceTree = "<group>"; };
		0C58029EBBB6F3D3E03A8FDE /* TestHelpers.swift */ = {isa = PBXFileReference; lastKnownFileType = sourcecode.swift; path = TestHelpers.swift; sourceTree = "<group>"; };
		111635747B13F014EEF1AB32 /* Worktree.swift */ = {isa = PBXFileReference; lastKnownFileType = sourcecode.swift; path = Worktree.swift; sourceTree = "<group>"; };
		1138041E022C758DED6DA7B5 /* YAMLHelpers.swift */ = {isa = PBXFileReference; lastKnownFileType = sourcecode.swift; path = YAMLHelpers.swift; sourceTree = "<group>"; };
		172FE703B96BA5ABB88D82E1 /* TerminalManager+TaskTerminals.swift */ = {isa = PBXFileReference; lastKnownFileType = sourcecode.swift; path = "TerminalManager+TaskTerminals.swift"; sourceTree = "<group>"; };
		1753DB7CA84C6EBA0B8922EE /* MarkdownPreviewView.swift */ = {isa = PBXFileReference; lastKnownFileType = sourcecode.swift; path = MarkdownPreviewView.swift; sourceTree = "<group>"; };
		179B8378B9C31AFE3AEFEE34 /* ProjectListManager.swift */ = {isa = PBXFileReference; lastKnownFileType = sourcecode.swift; path = ProjectListManager.swift; sourceTree = "<group>"; };
		17F9D304788805B4A4AF1056 /* ContentViewHelpers.swift */ = {isa = PBXFileReference; lastKnownFileType = sourcecode.swift; path = ContentViewHelpers.swift; sourceTree = "<group>"; };
		19A2B8D64BACC62D95F8AFAA /* WorkTaskCoordinator+AutoFire.swift */ = {isa = PBXFileReference; lastKnownFileType = sourcecode.swift; path = "WorkTaskCoordinator+AutoFire.swift"; sourceTree = "<group>"; };
		1B14527F0BC588875644727E /* ClaudeTodo.swift */ = {isa = PBXFileReference; lastKnownFileType = sourcecode.swift; path = ClaudeTodo.swift; sourceTree = "<group>"; };
		1D9DEE3F414E3AD4551FCC62 /* SidebarView.swift */ = {isa = PBXFileReference; lastKnownFileType = sourcecode.swift; path = SidebarView.swift; sourceTree = "<group>"; };
		267B4A2443A2B77A25F80243 /* WorktreeGroupManagerTests.swift */ = {isa = PBXFileReference; lastKnownFileType = sourcecode.swift; path = WorktreeGroupManagerTests.swift; sourceTree = "<group>"; };
		2A1B7DFE2FBC5E4336E055DC /* ProjectSelectorView.swift */ = {isa = PBXFileReference; lastKnownFileType = sourcecode.swift; path = ProjectSelectorView.swift; sourceTree = "<group>"; };
		2E372333888BC8E073569810 /* PromptManagerTests.swift */ = {isa = PBXFileReference; lastKnownFileType = sourcecode.swift; path = PromptManagerTests.swift; sourceTree = "<group>"; };
		32483ACE7E2BCCF4724CC79E /* AgentSessionObserver.swift */ = {isa = PBXFileReference; lastKnownFileType = sourcecode.swift; path = AgentSessionObserver.swift; sourceTree = "<group>"; };
		3E00D38FF787B79BF5C000ED /* Clearway.app */ = {isa = PBXFileReference; explicitFileType = wrapper.application; includeInIndex = 0; path = Clearway.app; sourceTree = BUILT_PRODUCTS_DIR; };
		3E26CDCCCC6A94327DEA9DE5 /* WorkTaskAgentMetadata.swift */ = {isa = PBXFileReference; lastKnownFileType = sourcecode.swift; path = WorkTaskAgentMetadata.swift; sourceTree = "<group>"; };
		4224CF2CA76BDF5405FD737D /* Ghostty.swift */ = {isa = PBXFileReference; lastKnownFileType = sourcecode.swift; path = Ghostty.swift; sourceTree = "<group>"; };
		42D5DF54D44C54CC6AD38D22 /* WorktreeGroup.swift */ = {isa = PBXFileReference; lastKnownFileType = sourcecode.swift; path = WorktreeGroup.swift; sourceTree = "<group>"; };
		43C4ECCB3CFD45DB93164068 /* TerminalManager.swift */ = {isa = PBXFileReference; lastKnownFileType = sourcecode.swift; path = TerminalManager.swift; sourceTree = "<group>"; };
		4D3396ABC258004DA10D0685 /* PromptLauncherView.swift */ = {isa = PBXFileReference; lastKnownFileType = sourcecode.swift; path = PromptLauncherView.swift; sourceTree = "<group>"; };
		519CCB6B1F4816743FC10503 /* WorkTaskManager.swift */ = {isa = PBXFileReference; lastKnownFileType = sourcecode.swift; path = WorkTaskManager.swift; sourceTree = "<group>"; };
		52EAD6E8D228C6BF10976F6F /* NoteWindow.swift */ = {isa = PBXFileReference; lastKnownFileType = sourcecode.swift; path = NoteWindow.swift; sourceTree = "<group>"; };
		54E4F120F042C2615893DCE6 /* TaskDetailView.swift */ = {isa = PBXFileReference; lastKnownFileType = sourcecode.swift; path = TaskDetailView.swift; sourceTree = "<group>"; };
		559C61A49130CBB58157612B /* TerminalManagerTests.swift */ = {isa = PBXFileReference; lastKnownFileType = sourcecode.swift; path = TerminalManagerTests.swift; sourceTree = "<group>"; };
		565AC0451DC45348A309739E /* TerminalSurface.swift */ = {isa = PBXFileReference; lastKnownFileType = sourcecode.swift; path = TerminalSurface.swift; sourceTree = "<group>"; };
		5A687B79E4CF9B494E2A6391 /* ProjectWindow.swift */ = {isa = PBXFileReference; lastKnownFileType = sourcecode.swift; path = ProjectWindow.swift; sourceTree = "<group>"; };
		62E65C09069869291224DF1D /* TodosPanelView.swift */ = {isa = PBXFileReference; lastKnownFileType = sourcecode.swift; path = TodosPanelView.swift; sourceTree = "<group>"; };
		6ABF783A68A2ECAFF5F8498C /* ClaudeActivityMonitor.swift */ = {isa = PBXFileReference; lastKnownFileType = sourcecode.swift; path = ClaudeActivityMonitor.swift; sourceTree = "<group>"; };
		6B68B8EBEF3BDC73880AC3ED /* WorktreeManagerTests.swift */ = {isa = PBXFileReference; lastKnownFileType = sourcecode.swift; path = WorktreeManagerTests.swift; sourceTree = "<group>"; };
		6EDD7D8AFCCD8757C5507EC2 /* TodoManager.swift */ = {isa = PBXFileReference; lastKnownFileType = sourcecode.swift; path = TodoManager.swift; sourceTree = "<group>"; };
		733E42F6C068BE314FAD921E /* Ghostty.Shell.swift */ = {isa = PBXFileReference; lastKnownFileType = sourcecode.swift; path = Ghostty.Shell.swift; sourceTree = "<group>"; };
		755813494B738E5A8EB3AD43 /* NSAppearance+IsDark.swift */ = {isa = PBXFileReference; lastKnownFileType = sourcecode.swift; path = "NSAppearance+IsDark.swift"; sourceTree = "<group>"; };
		7844869D3D26BEAE9F97543F /* NotesView.swift */ = {isa = PBXFileReference; lastKnownFileType = sourcecode.swift; path = NotesView.swift; sourceTree = "<group>"; };
		7862270D9FA477C155E4EB09 /* Ghostty.Config.swift */ = {isa = PBXFileReference; lastKnownFileType = sourcecode.swift; path = Ghostty.Config.swift; sourceTree = "<group>"; };
		85F31ADDFCB34EC7850C6AA2 /* AboutView.swift */ = {isa = PBXFileReference; lastKnownFileType = sourcecode.swift; path = AboutView.swift; sourceTree = "<group>"; };
		867076303E561F4171EF4C92 /* PreviewCSS.swift */ = {isa = PBXFileReference; lastKnownFileType = sourcecode.swift; path = PreviewCSS.swift; sourceTree = "<group>"; };
		86F03706FEA2A1FDBB4B3BFC /* MarkdownEditorView.swift */ = {isa = PBXFileReference; lastKnownFileType = sourcecode.swift; path = MarkdownEditorView.swift; sourceTree = "<group>"; };
		8742B714B02945F53726FF28 /* ShellEnvironment.swift */ = {isa = PBXFileReference; lastKnownFileType = sourcecode.swift; path = ShellEnvironment.swift; sourceTree = "<group>"; };
		87D53B2248C692859A82CD26 /* GitResolverTests.swift */ = {isa = PBXFileReference; lastKnownFileType = sourcecode.swift; path = GitResolverTests.swift; sourceTree = "<group>"; };
		8AC79F9A899F03CE1BDFF0D4 /* ProjectSettings.swift */ = {isa = PBXFileReference; lastKnownFileType = sourcecode.swift; path = ProjectSettings.swift; sourceTree = "<group>"; };
		8AF073149E1F5E5CDC6DC22E /* WorkTaskCoordinator+ConfigWatching.swift */ = {isa = PBXFileReference; lastKnownFileType = sourcecode.swift; path = "WorkTaskCoordinator+ConfigWatching.swift"; sourceTree = "<group>"; };
		904DFD7B789728DE14A731A1 /* WorkTaskListView.swift */ = {isa = PBXFileReference; lastKnownFileType = sourcecode.swift; path = WorkTaskListView.swift; sourceTree = "<group>"; };
		90F058F6484B056DE5C42A4C /* ContentView.swift */ = {isa = PBXFileReference; lastKnownFileType = sourcecode.swift; path = ContentView.swift; sourceTree = "<group>"; };
		9103F6CCBDA7502CE85CB833 /* CaffeineManager.swift */ = {isa = PBXFileReference; lastKnownFileType = sourcecode.swift; path = CaffeineManager.swift; sourceTree = "<group>"; };
		9329F0AF3D9A7FF50F684992 /* ProjectSettingsView.swift */ = {isa = PBXFileReference; lastKnownFileType = sourcecode.swift; path = ProjectSettingsView.swift; sourceTree = "<group>"; };
		945B3045E3051C6B10BD34E4 /* WorkTaskManagerTests.swift */ = {isa = PBXFileReference; lastKnownFileType = sourcecode.swift; path = WorkTaskManagerTests.swift; sourceTree = "<group>"; };
		946872F556F95BBB45E91EBD /* AppNotifications.swift */ = {isa = PBXFileReference; lastKnownFileType = sourcecode.swift; path = AppNotifications.swift; sourceTree = "<group>"; };
		9AF79A9AC43E45BCC60D2C8C /* Ghostty.App.swift */ = {isa = PBXFileReference; lastKnownFileType = sourcecode.swift; path = Ghostty.App.swift; sourceTree = "<group>"; };
		9EC9411B19B7913605A851B1 /* TodosView.swift */ = {isa = PBXFileReference; lastKnownFileType = sourcecode.swift; path = TodosView.swift; sourceTree = "<group>"; };
		A1A28DBBCFBC067478FD8795 /* Prompt.swift */ = {isa = PBXFileReference; lastKnownFileType = sourcecode.swift; path = Prompt.swift; sourceTree = "<group>"; };
		A289D16C8729AD679B9C0921 /* PromptListView.swift */ = {isa = PBXFileReference; lastKnownFileType = sourcecode.swift; path = PromptListView.swift; sourceTree = "<group>"; };
		A348415668FA1864F0472086 /* WorkflowEditorView.swift */ = {isa = PBXFileReference; lastKnownFileType = sourcecode.swift; path = WorkflowEditorView.swift; sourceTree = "<group>"; };
		A63436E71D9D22F8C52CC078 /* ClearwayApp.swift */ = {isa = PBXFileReference; lastKnownFileType = sourcecode.swift; path = ClearwayApp.swift; sourceTree = "<group>"; };
		AA925629DB815AC555414676 /* Todo.swift */ = {isa = PBXFileReference; lastKnownFileType = sourcecode.swift; path = Todo.swift; sourceTree = "<group>"; };
		ADD413DCDFE98EF635534720 /* Assets.xcassets */ = {isa = PBXFileReference; lastKnownFileType = folder.assetcatalog; path = Assets.xcassets; sourceTree = "<group>"; };
		AE2AB2AB726BE02766D5A27D /* WorktreeGroupStore.swift */ = {isa = PBXFileReference; lastKnownFileType = sourcecode.swift; path = WorktreeGroupStore.swift; sourceTree = "<group>"; };
		AF04318569BD95EFE4C470CA /* GitResolver.swift */ = {isa = PBXFileReference; lastKnownFileType = sourcecode.swift; path = GitResolver.swift; sourceTree = "<group>"; };
		AF845FCB581E1B628B736556 /* MarkdownSyntaxHighlighter.swift */ = {isa = PBXFileReference; lastKnownFileType = sourcecode.swift; path = MarkdownSyntaxHighlighter.swift; sourceTree = "<group>"; };
		B81142617650A73C69973357 /* SidebarSheets.swift */ = {isa = PBXFileReference; lastKnownFileType = sourcecode.swift; path = SidebarSheets.swift; sourceTree = "<group>"; };
		B835A714483253365FD9A156 /* WorktreeGroupStoreTests.swift */ = {isa = PBXFileReference; lastKnownFileType = sourcecode.swift; path = WorktreeGroupStoreTests.swift; sourceTree = "<group>"; };
		B8E7C6A11E4EBE142122DE83 /* Ghostty.SurfaceView.swift */ = {isa = PBXFileReference; lastKnownFileType = sourcecode.swift; path = Ghostty.SurfaceView.swift; sourceTree = "<group>"; };
		B95F7DA4ACA45BD15D5CE43A /* WorkTaskCoordinator+WorkflowWatching.swift */ = {isa = PBXFileReference; lastKnownFileType = sourcecode.swift; path = "WorkTaskCoordinator+WorkflowWatching.swift"; sourceTree = "<group>"; };
		BBDD4B66A2E58EF07F84154D /* PlanningConfig.swift */ = {isa = PBXFileReference; lastKnownFileType = sourcecode.swift; path = PlanningConfig.swift; sourceTree = "<group>"; };
		BC9B72EE6CE255D7A9004F92 /* WorktreeTests.swift */ = {isa = PBXFileReference; lastKnownFileType = sourcecode.swift; path = WorktreeTests.swift; sourceTree = "<group>"; };
		BDF8559C2AABE5237F01B8D0 /* MarkdownRenderer.swift */ = {isa = PBXFileReference; lastKnownFileType = sourcecode.swift; path = MarkdownRenderer.swift; sourceTree = "<group>"; };
		BF303BDB106268697C4BEB27 /* WorkTaskWindow.swift */ = {isa = PBXFileReference; lastKnownFileType = sourcecode.swift; path = WorkTaskWindow.swift; sourceTree = "<group>"; };
		C00CC5D8B585782655D8A81A /* PromptsView.swift */ = {isa = PBXFileReference; lastKnownFileType = sourcecode.swift; path = PromptsView.swift; sourceTree = "<group>"; };
		C0AE4B9588D3D7473C1A2835 /* WorktreeGroupManager.swift */ = {isa = PBXFileReference; lastKnownFileType = sourcecode.swift; path = WorktreeGroupManager.swift; sourceTree = "<group>"; };
		C4ADCBD75608D51A1C556ED7 /* ClearwayTests.xctest */ = {isa = PBXFileReference; explicitFileType = wrapper.cfbundle; includeInIndex = 0; path = ClearwayTests.xctest; sourceTree = BUILT_PRODUCTS_DIR; };
		C6C4FB599AF3B00EF5E9EDB4 /* BuildInfo.generated.swift */ = {isa = PBXFileReference; lastKnownFileType = sourcecode.swift; path = BuildInfo.generated.swift; sourceTree = "<group>"; };
		CEACD4EA30A76B1BC3C35F39 /* WorkflowAutomationTests.swift */ = {isa = PBXFileReference; lastKnownFileType = sourcecode.swift; path = WorkflowAutomationTests.swift; sourceTree = "<group>"; };
		CF064EDBE730B518F29471B7 /* TerminalTab.swift */ = {isa = PBXFileReference; lastKnownFileType = sourcecode.swift; path = TerminalTab.swift; sourceTree = "<group>"; };
		D1DAD3AB1F473D50C3B2D6F5 /* NotesManager.swift */ = {isa = PBXFileReference; lastKnownFileType = sourcecode.swift; path = NotesManager.swift; sourceTree = "<group>"; };
		D2AB573195FEC4085A71777E /* SettingsManagerTests.swift */ = {isa = PBXFileReference; lastKnownFileType = sourcecode.swift; path = SettingsManagerTests.swift; sourceTree = "<group>"; };
		DA3B22C73F9FBE52FAFCEFDC /* Note.swift */ = {isa = PBXFileReference; lastKnownFileType = sourcecode.swift; path = Note.swift; sourceTree = "<group>"; };
		E00AD18F6EABC22D6B4212D0 /* PromptWindow.swift */ = {isa = PBXFileReference; lastKnownFileType = sourcecode.swift; path = PromptWindow.swift; sourceTree = "<group>"; };
		E3193EB27B18ECBEDF1F126F /* TerminalManager+Panels.swift */ = {isa = PBXFileReference; lastKnownFileType = sourcecode.swift; path = "TerminalManager+Panels.swift"; sourceTree = "<group>"; };
		E33001A8BB991B5707FB5AD4 /* ProjectHooksTests.swift */ = {isa = PBXFileReference; lastKnownFileType = sourcecode.swift; path = ProjectHooksTests.swift; sourceTree = "<group>"; };
		E4FED179216122D158BE6A56 /* PromptDetailView.swift */ = {isa = PBXFileReference; lastKnownFileType = sourcecode.swift; path = PromptDetailView.swift; sourceTree = "<group>"; };
		E63ED4D49D7021A58F8C1B10 /* DebugTerminalSheet.swift */ = {isa = PBXFileReference; lastKnownFileType = sourcecode.swift; path = DebugTerminalSheet.swift; sourceTree = "<group>"; };
		EB42EDB75EED976AD230B319 /* SettingsManager.swift */ = {isa = PBXFileReference; lastKnownFileType = sourcecode.swift; path = SettingsManager.swift; sourceTree = "<group>"; };
		EC1F48D279D802C46C9A7164 /* WorkTask.swift */ = {isa = PBXFileReference; lastKnownFileType = sourcecode.swift; path = WorkTask.swift; sourceTree = "<group>"; };
		EE7FCD6FD5DA825EB4A05C2D /* MainTerminalTabStrip.swift */ = {isa = PBXFileReference; lastKnownFileType = sourcecode.swift; path = MainTerminalTabStrip.swift; sourceTree = "<group>"; };
		EF5D6B020A6E238AE1AE099E /* SettingsView.swift */ = {isa = PBXFileReference; lastKnownFileType = sourcecode.swift; path = SettingsView.swift; sourceTree = "<group>"; };
		F6AC6A1436F22549F83FB805 /* TerminalTabKindTests.swift */ = {isa = PBXFileReference; lastKnownFileType = sourcecode.swift; path = TerminalTabKindTests.swift; sourceTree = "<group>"; };
		F80A06A83E3E73DA67916873 /* WorkflowAutomation.swift */ = {isa = PBXFileReference; lastKnownFileType = sourcecode.swift; path = WorkflowAutomation.swift; sourceTree = "<group>"; };
		F8B84D6620AD4362D7433C63 /* WorkTaskCoordinator.swift */ = {isa = PBXFileReference; lastKnownFileType = sourcecode.swift; path = WorkTaskCoordinator.swift; sourceTree = "<group>"; };
		F9EC693CFB08AE6AD787405A /* GhosttyShellTests.swift */ = {isa = PBXFileReference; lastKnownFileType = sourcecode.swift; path = GhosttyShellTests.swift; sourceTree = "<group>"; };
		FEFC31B3C3935529382C89CA /* ClaudeTodoManager.swift */ = {isa = PBXFileReference; lastKnownFileType = sourcecode.swift; path = ClaudeTodoManager.swift; sourceTree = "<group>"; };
/* End PBXFileReference section */

/* Begin PBXFrameworksBuildPhase section */
		E0D2FEF719280E7DF2AF5F6C /* Frameworks */ = {
			isa = PBXFrameworksBuildPhase;
			buildActionMask = 2147483647;
			files = (
				B04975A2CFF84C4577C01698 /* cmark in Frameworks */,
				2E94F35E227CD1A673BF7C0E /* Sparkle in Frameworks */,
			);
			runOnlyForDeploymentPostprocessing = 0;
		};
/* End PBXFrameworksBuildPhase section */

/* Begin PBXGroup section */
		2D995821FD27DBD1A9953D29 /* Ghostty */ = {
			isa = PBXGroup;
			children = (
				9AF79A9AC43E45BCC60D2C8C /* Ghostty.App.swift */,
				7862270D9FA477C155E4EB09 /* Ghostty.Config.swift */,
				733E42F6C068BE314FAD921E /* Ghostty.Shell.swift */,
				B8E7C6A11E4EBE142122DE83 /* Ghostty.SurfaceView.swift */,
				4224CF2CA76BDF5405FD737D /* Ghostty.swift */,
				565AC0451DC45348A309739E /* TerminalSurface.swift */,
			);
			path = Ghostty;
			sourceTree = "<group>";
		};
		3AD21F46AF733A8FE1DF029C /* Tests */ = {
			isa = PBXGroup;
			children = (
				F9EC693CFB08AE6AD787405A /* GhosttyShellTests.swift */,
				87D53B2248C692859A82CD26 /* GitResolverTests.swift */,
				E33001A8BB991B5707FB5AD4 /* ProjectHooksTests.swift */,
				2E372333888BC8E073569810 /* PromptManagerTests.swift */,
				D2AB573195FEC4085A71777E /* SettingsManagerTests.swift */,
				559C61A49130CBB58157612B /* TerminalManagerTests.swift */,
				F6AC6A1436F22549F83FB805 /* TerminalTabKindTests.swift */,
				0C58029EBBB6F3D3E03A8FDE /* TestHelpers.swift */,
				CEACD4EA30A76B1BC3C35F39 /* WorkflowAutomationTests.swift */,
				945B3045E3051C6B10BD34E4 /* WorkTaskManagerTests.swift */,
				267B4A2443A2B77A25F80243 /* WorktreeGroupManagerTests.swift */,
				B835A714483253365FD9A156 /* WorktreeGroupStoreTests.swift */,
				6B68B8EBEF3BDC73880AC3ED /* WorktreeManagerTests.swift */,
				BC9B72EE6CE255D7A9004F92 /* WorktreeTests.swift */,
			);
			path = Tests;
			sourceTree = "<group>";
		};
		735470741DFA3F375FF070AF /* App */ = {
			isa = PBXGroup;
			children = (
				85F31ADDFCB34EC7850C6AA2 /* AboutView.swift */,
				32483ACE7E2BCCF4724CC79E /* AgentSessionObserver.swift */,
				946872F556F95BBB45E91EBD /* AppNotifications.swift */,
				C6C4FB599AF3B00EF5E9EDB4 /* BuildInfo.generated.swift */,
				9103F6CCBDA7502CE85CB833 /* CaffeineManager.swift */,
				6ABF783A68A2ECAFF5F8498C /* ClaudeActivityMonitor.swift */,
				1B14527F0BC588875644727E /* ClaudeTodo.swift */,
				FEFC31B3C3935529382C89CA /* ClaudeTodoManager.swift */,
				A63436E71D9D22F8C52CC078 /* ClearwayApp.swift */,
				90F058F6484B056DE5C42A4C /* ContentView.swift */,
				17F9D304788805B4A4AF1056 /* ContentViewHelpers.swift */,
				E63ED4D49D7021A58F8C1B10 /* DebugTerminalSheet.swift */,
				AF04318569BD95EFE4C470CA /* GitResolver.swift */,
				082941B45A325DC6BC9C8DF6 /* HookTerminalView.swift */,
				EE7FCD6FD5DA825EB4A05C2D /* MainTerminalTabStrip.swift */,
				86F03706FEA2A1FDBB4B3BFC /* MarkdownEditorView.swift */,
				1753DB7CA84C6EBA0B8922EE /* MarkdownPreviewView.swift */,
				BDF8559C2AABE5237F01B8D0 /* MarkdownRenderer.swift */,
				AF845FCB581E1B628B736556 /* MarkdownSyntaxHighlighter.swift */,
				DA3B22C73F9FBE52FAFCEFDC /* Note.swift */,
				D1DAD3AB1F473D50C3B2D6F5 /* NotesManager.swift */,
				7844869D3D26BEAE9F97543F /* NotesView.swift */,
				52EAD6E8D228C6BF10976F6F /* NoteWindow.swift */,
				755813494B738E5A8EB3AD43 /* NSAppearance+IsDark.swift */,
				BBDD4B66A2E58EF07F84154D /* PlanningConfig.swift */,
				867076303E561F4171EF4C92 /* PreviewCSS.swift */,
				179B8378B9C31AFE3AEFEE34 /* ProjectListManager.swift */,
				2A1B7DFE2FBC5E4336E055DC /* ProjectSelectorView.swift */,
				8AC79F9A899F03CE1BDFF0D4 /* ProjectSettings.swift */,
				9329F0AF3D9A7FF50F684992 /* ProjectSettingsView.swift */,
				5A687B79E4CF9B494E2A6391 /* ProjectWindow.swift */,
				A1A28DBBCFBC067478FD8795 /* Prompt.swift */,
				E4FED179216122D158BE6A56 /* PromptDetailView.swift */,
				4D3396ABC258004DA10D0685 /* PromptLauncherView.swift */,
				A289D16C8729AD679B9C0921 /* PromptListView.swift */,
				02A15AF63CD7636A38973624 /* PromptManager.swift */,
				C00CC5D8B585782655D8A81A /* PromptsView.swift */,
				E00AD18F6EABC22D6B4212D0 /* PromptWindow.swift */,
				EB42EDB75EED976AD230B319 /* SettingsManager.swift */,
				EF5D6B020A6E238AE1AE099E /* SettingsView.swift */,
				8742B714B02945F53726FF28 /* ShellEnvironment.swift */,
				B81142617650A73C69973357 /* SidebarSheets.swift */,
				1D9DEE3F414E3AD4551FCC62 /* SidebarView.swift */,
				0AA2F9015F08B68DAD03FD12 /* TaskAsideView.swift */,
				54E4F120F042C2615893DCE6 /* TaskDetailView.swift */,
				43C4ECCB3CFD45DB93164068 /* TerminalManager.swift */,
				E3193EB27B18ECBEDF1F126F /* TerminalManager+Panels.swift */,
				172FE703B96BA5ABB88D82E1 /* TerminalManager+TaskTerminals.swift */,
				CF064EDBE730B518F29471B7 /* TerminalTab.swift */,
				AA925629DB815AC555414676 /* Todo.swift */,
				6EDD7D8AFCCD8757C5507EC2 /* TodoManager.swift */,
				62E65C09069869291224DF1D /* TodosPanelView.swift */,
				9EC9411B19B7913605A851B1 /* TodosView.swift */,
				F80A06A83E3E73DA67916873 /* WorkflowAutomation.swift */,
				A348415668FA1864F0472086 /* WorkflowEditorView.swift */,
				EC1F48D279D802C46C9A7164 /* WorkTask.swift */,
				3E26CDCCCC6A94327DEA9DE5 /* WorkTaskAgentMetadata.swift */,
				F8B84D6620AD4362D7433C63 /* WorkTaskCoordinator.swift */,
				19A2B8D64BACC62D95F8AFAA /* WorkTaskCoordinator+AutoFire.swift */,
				8AF073149E1F5E5CDC6DC22E /* WorkTaskCoordinator+ConfigWatching.swift */,
				B95F7DA4ACA45BD15D5CE43A /* WorkTaskCoordinator+WorkflowWatching.swift */,
				904DFD7B789728DE14A731A1 /* WorkTaskListView.swift */,
				519CCB6B1F4816743FC10503 /* WorkTaskManager.swift */,
				BF303BDB106268697C4BEB27 /* WorkTaskWindow.swift */,
				111635747B13F014EEF1AB32 /* Worktree.swift */,
				42D5DF54D44C54CC6AD38D22 /* WorktreeGroup.swift */,
				C0AE4B9588D3D7473C1A2835 /* WorktreeGroupManager.swift */,
				AE2AB2AB726BE02766D5A27D /* WorktreeGroupStore.swift */,
				1138041E022C758DED6DA7B5 /* YAMLHelpers.swift */,
			);
			path = App;
			sourceTree = "<group>";
		};
		9F8E0A961661A076422E82E2 /* Products */ = {
			isa = PBXGroup;
			children = (
				3E00D38FF787B79BF5C000ED /* Clearway.app */,
				C4ADCBD75608D51A1C556ED7 /* ClearwayTests.xctest */,
			);
			name = Products;
			sourceTree = "<group>";
		};
		A318F58A3C48267E0957E3FA /* Sources */ = {
			isa = PBXGroup;
			children = (
				ADD413DCDFE98EF635534720 /* Assets.xcassets */,
				735470741DFA3F375FF070AF /* App */,
				2D995821FD27DBD1A9953D29 /* Ghostty */,
			);
			path = Sources;
			sourceTree = "<group>";
		};
		A614019FF2C644C322B19FAD = {
			isa = PBXGroup;
			children = (
				A318F58A3C48267E0957E3FA /* Sources */,
				3AD21F46AF733A8FE1DF029C /* Tests */,
				9F8E0A961661A076422E82E2 /* Products */,
			);
			sourceTree = "<group>";
		};
/* End PBXGroup section */

/* Begin PBXNativeTarget section */
		49CD5371DBC4C1B0EEEF260F /* Clearway */ = {
			isa = PBXNativeTarget;
			buildConfigurationList = 7685CA36E00CDD4D1B0F896A /* Build configuration list for PBXNativeTarget "Clearway" */;
			buildPhases = (
				70AC77F5AFE8C3BC5D30F010 /* Verify Ghostty resources */,
				CD4668BB0827C45A502562F6 /* Bundle git runtime (Release) */,
				30B7ACEA65FD754DE1C36435 /* Generate BuildInfo */,
				3C90281E30846A7DB0538E47 /* Sources */,
				9A4468458EE7BF681552B08D /* Resources */,
				E0D2FEF719280E7DF2AF5F6C /* Frameworks */,
				E5A9A68B0F924E199B2EE9F1 /* Inject Sparkle Info.plist keys */,
				42D905E6CF53FC22AE2DABFA /* Re-sign Sparkle helpers */,
				F1B55DC5CAD8CE92CD995C2D /* Sign and verify bundled git runtime */,
				09CFB26E936D18BB9AA51280 /* Bundle Ghostty resources */,
				E4C30596A3613D00F7E6B517 /* SwiftLint */,
			);
			buildRules = (
			);
			dependencies = (
			);
			name = Clearway;
			packageProductDependencies = (
				56382C26DF738F11CBAD2CFC /* cmark */,
				A834CA46BCB2AE8057A4A151 /* Sparkle */,
			);
			productName = Clearway;
			productReference = 3E00D38FF787B79BF5C000ED /* Clearway.app */;
			productType = "com.apple.product-type.application";
		};
		676F9932D19A3240E0FFDFB9 /* ClearwayTests */ = {
			isa = PBXNativeTarget;
			buildConfigurationList = 48BCCD898DEDCC6933E78F16 /* Build configuration list for PBXNativeTarget "ClearwayTests" */;
			buildPhases = (
				7BA22041612C7FBB70FF0C7C /* Sources */,
			);
			buildRules = (
			);
			dependencies = (
				5732A3494D8CDFD1015EEDA2 /* PBXTargetDependency */,
			);
			name = ClearwayTests;
			packageProductDependencies = (
			);
			productName = ClearwayTests;
			productReference = C4ADCBD75608D51A1C556ED7 /* ClearwayTests.xctest */;
			productType = "com.apple.product-type.bundle.unit-test";
		};
/* End PBXNativeTarget section */

/* Begin PBXProject section */
		1EAD8CE256EC21BD1B1053E4 /* Project object */ = {
			isa = PBXProject;
			attributes = {
				BuildIndependentTargetsInParallel = YES;
				LastUpgradeCheck = 1600;
				TargetAttributes = {
				};
			};
			buildConfigurationList = 7AAB4E62779E0FD438821851 /* Build configuration list for PBXProject "Clearway" */;
			developmentRegion = en;
			hasScannedForEncodings = 0;
			knownRegions = (
				Base,
				en,
			);
			mainGroup = A614019FF2C644C322B19FAD;
			minimizedProjectReferenceProxies = 1;
			packageReferences = (
				4D3019AEFAC59B45DF5CF058 /* XCRemoteSwiftPackageReference "Sparkle" */,
				287807A13F4C2CDD9DBC91D9 /* XCRemoteSwiftPackageReference "cmark-gfm" */,
			);
			preferredProjectObjectVersion = 77;
			productRefGroup = 9F8E0A961661A076422E82E2 /* Products */;
			projectDirPath = "";
			projectRoot = "";
			targets = (
				49CD5371DBC4C1B0EEEF260F /* Clearway */,
				676F9932D19A3240E0FFDFB9 /* ClearwayTests */,
			);
		};
/* End PBXProject section */

/* Begin PBXResourcesBuildPhase section */
		9A4468458EE7BF681552B08D /* Resources */ = {
			isa = PBXResourcesBuildPhase;
			buildActionMask = 2147483647;
			files = (
				F50B48B75A6494ED0EC0BC03 /* Assets.xcassets in Resources */,
			);
			runOnlyForDeploymentPostprocessing = 0;
		};
/* End PBXResourcesBuildPhase section */

/* Begin PBXShellScriptBuildPhase section */
		09CFB26E936D18BB9AA51280 /* Bundle Ghostty resources */ = {
			isa = PBXShellScriptBuildPhase;
			alwaysOutOfDate = 1;
			buildActionMask = 2147483647;
			files = (
			);
			inputFileListPaths = (
			);
			inputPaths = (
			);
			name = "Bundle Ghostty resources";
			outputFileListPaths = (
			);
			outputPaths = (
			);
			runOnlyForDeploymentPostprocessing = 0;
			shellPath = /bin/sh;
			shellScript = "set -e\nSRC_SHARE=\"$PROJECT_DIR/ghostty/zig-out/share\"\nDEST_ROOT=\"$TARGET_BUILD_DIR/$CONTENTS_FOLDER_PATH/Resources\"\nDEST_GHOSTTY=\"$DEST_ROOT/ghostty\"\nDEST_TERMINFO=\"$DEST_ROOT/terminfo\"\n# Sanity guard: refuse to run rsync --delete against an unexpected root.\ncase \"$DEST_ROOT\" in\n  */Contents/Resources) ;;\n  *) echo \"error: unexpected DEST_ROOT=$DEST_ROOT\" >&2; exit 1 ;;\nesac\nif [ -d \"$SRC_SHARE/ghostty\" ]; then\n  echo \"==> Copying ghostty resources (themes, shell-integration)...\"\n  mkdir -p \"$DEST_GHOSTTY\"\n  rsync -a --delete \"$SRC_SHARE/ghostty/\" \"$DEST_GHOSTTY/\"\nfi\nif [ -d \"$SRC_SHARE/terminfo\" ]; then\n  echo \"==> Copying terminfo database...\"\n  mkdir -p \"$DEST_TERMINFO\"\n  rsync -a --delete \"$SRC_SHARE/terminfo/\" \"$DEST_TERMINFO/\"\nfi\nif [ \"$CONFIGURATION\" = \"Release\" ]; then\n  if [ ! -d \"$DEST_GHOSTTY/themes\" ]; then\n    echo \"error: themes directory missing at $DEST_GHOSTTY/themes\" >&2\n    exit 1\n  fi\n  if [ ! -d \"$DEST_GHOSTTY/shell-integration\" ]; then\n    echo \"error: shell-integration directory missing at $DEST_GHOSTTY/shell-integration\" >&2\n    exit 1\n  fi\n  if [ ! -f \"$DEST_TERMINFO/78/xterm-ghostty\" ]; then\n    echo \"error: xterm-ghostty terminfo missing at $DEST_TERMINFO/78/xterm-ghostty\" >&2\n    exit 1\n  fi\nfi\n";
		};
		30B7ACEA65FD754DE1C36435 /* Generate BuildInfo */ = {
			isa = PBXShellScriptBuildPhase;
			buildActionMask = 2147483647;
			files = (
			);
			inputFileListPaths = (
			);
			inputPaths = (
			);
			name = "Generate BuildInfo";
			outputFileListPaths = (
			);
			outputPaths = (
				"$(PROJECT_DIR)/Sources/App/BuildInfo.generated.swift",
			);
			runOnlyForDeploymentPostprocessing = 0;
			shellPath = /bin/sh;
			shellScript = "COMMIT=$(git -C \"$PROJECT_DIR\" rev-parse --short HEAD 2>/dev/null || echo \"unknown\")\nCOMMIT=$(echo \"$COMMIT\" | tr -cd 'a-zA-Z0-9._-')\nTMPFILE=$(mktemp)\ncat > \"$TMPFILE\" <<SWIFT\n// Auto-generated at build time — do not edit.\nenum BuildInfo {\n    static let commit = \"$COMMIT\"\n}\nSWIFT\nTARGET=\"$PROJECT_DIR/Sources/App/BuildInfo.generated.swift\"\nif ! cmp -s \"$TMPFILE\" \"$TARGET\"; then\n  mv \"$TMPFILE\" \"$TARGET\"\nelse\n  rm \"$TMPFILE\"\nfi\n";
		};
		42D905E6CF53FC22AE2DABFA /* Re-sign Sparkle helpers */ = {
			isa = PBXShellScriptBuildPhase;
			alwaysOutOfDate = 1;
			buildActionMask = 2147483647;
			files = (
			);
			inputFileListPaths = (
			);
			inputPaths = (
				"$(BUILT_PRODUCTS_DIR)/$(PRODUCT_NAME).app/Contents/Frameworks/Sparkle.framework",
			);
			name = "Re-sign Sparkle helpers";
			outputFileListPaths = (
			);
			outputPaths = (
			);
			runOnlyForDeploymentPostprocessing = 0;
			shellPath = /bin/sh;
			shellScript = "set -e\nif [ \"$CONFIGURATION\" != \"Release\" ]; then\n  exit 0\nfi\nIDENTITY=\"Developer ID Application: Bruno Valentino (76AEQBHY3K)\"\nAPP=\"${BUILT_PRODUCTS_DIR}/${PRODUCT_NAME}.app\"\nFRAMEWORK=\"$APP/Contents/Frameworks/Sparkle.framework\"\n# On Release builds every step of Sparkle wiring is load-bearing, so\n# fail the build if anything is missing. Using Versions/Current keeps\n# this working if Sparkle bumps its internal framework version letter.\nif [ ! -d \"$FRAMEWORK\" ]; then\n  echo \"error: Sparkle.framework not found at $FRAMEWORK\" >&2\n  exit 1\nfi\nVERSIONS_CURRENT=\"$FRAMEWORK/Versions/Current\"\nif [ ! -e \"$VERSIONS_CURRENT\" ]; then\n  echo \"error: $VERSIONS_CURRENT missing — Sparkle framework layout unexpected\" >&2\n  exit 1\nfi\nsign_path() {\n  local target=\"$1\"\n  if [ ! -e \"$target\" ]; then\n    echo \"error: Sparkle re-sign target missing: $target\" >&2\n    exit 1\n  fi\n  echo \"==> re-signing $(basename \"$target\")\"\n  /usr/bin/codesign --force --options runtime --timestamp --sign \"$IDENTITY\" \"$target\"\n}\nsign_path \"$VERSIONS_CURRENT/XPCServices/Downloader.xpc\"\nsign_path \"$VERSIONS_CURRENT/XPCServices/Installer.xpc\"\nsign_path \"$VERSIONS_CURRENT/Updater.app\"\nsign_path \"$VERSIONS_CURRENT/Autoupdate\"\nsign_path \"$FRAMEWORK\"\n/usr/bin/codesign --verify --deep --strict --verbose=2 \"$FRAMEWORK\"\n# Post-verification: confirm the Sparkle plist keys made it into the\n# final app so a silent skip in the inject phase cannot slip through.\nAPP_PLIST=\"$APP/Contents/Info.plist\"\nif [ ! -f \"$APP_PLIST\" ]; then\n  echo \"error: Info.plist missing at $APP_PLIST after build\" >&2\n  exit 1\nfi\nfor key in SUFeedURL SUPublicEDKey SUEnableAutomaticChecks SUScheduledCheckInterval; do\n  if ! /usr/bin/plutil -extract \"$key\" raw -o - \"$APP_PLIST\" >/dev/null 2>&1; then\n    echo \"error: $key missing from $APP_PLIST — Sparkle inject phase did not run\" >&2\n    exit 1\n  fi\ndone\n";
		};
		70AC77F5AFE8C3BC5D30F010 /* Verify Ghostty resources */ = {
			isa = PBXShellScriptBuildPhase;
			alwaysOutOfDate = 1;
			buildActionMask = 2147483647;
			files = (
			);
			inputFileListPaths = (
			);
			inputPaths = (
			);
			name = "Verify Ghostty resources";
			outputFileListPaths = (
			);
			outputPaths = (
			);
			runOnlyForDeploymentPostprocessing = 0;
			shellPath = /bin/sh;
			shellScript = "set -e\nSHARE_DIR=\"$PROJECT_DIR/ghostty/zig-out/share\"\nif [ ! -d \"$SHARE_DIR/ghostty/themes\" ] \\\n   || [ ! -d \"$SHARE_DIR/ghostty/shell-integration\" ] \\\n   || [ ! -d \"$SHARE_DIR/terminfo\" ]; then\n  MSG=\"Ghostty resources missing at $SHARE_DIR. Run ./scripts/setup.sh or (cd ghostty && zig build -Doptimize=ReleaseFast) to generate them.\"\n  if [ \"$CONFIGURATION\" = \"Release\" ]; then\n    echo \"error: $MSG\" >&2\n    exit 1\n  fi\n  echo \"warning: $MSG\" >&2\nfi\n";
		};
		CD4668BB0827C45A502562F6 /* Bundle git runtime (Release) */ = {
			isa = PBXShellScriptBuildPhase;
			alwaysOutOfDate = 1;
			buildActionMask = 2147483647;
			files = (
			);
			inputFileListPaths = (
			);
			inputPaths = (
			);
			name = "Bundle git runtime (Release)";
			outputFileListPaths = (
			);
			outputPaths = (
			);
			runOnlyForDeploymentPostprocessing = 0;
			shellPath = /bin/sh;
			shellScript = "set -e\nif [ \"$CONFIGURATION\" != \"Release\" ]; then\n  exit 0\nfi\nGIT_DIST=\"$PROJECT_DIR/Resources/git-dist\"\n# Always rebuild from the pinned source for Release to guarantee\n# provenance — never reuse a stale or locally modified payload.\nif [ -d \"$GIT_DIST\" ]; then\n  echo \"==> Removing existing git-dist to rebuild from pinned source...\"\n  rm -rf \"$GIT_DIST\"\nfi\necho \"==> Building bundled git runtime for Release...\"\n\"$PROJECT_DIR/scripts/bundle-git.sh\"\n";
		};
		E4C30596A3613D00F7E6B517 /* SwiftLint */ = {
			isa = PBXShellScriptBuildPhase;
			alwaysOutOfDate = 1;
			buildActionMask = 2147483647;
			files = (
			);
			inputFileListPaths = (
			);
			inputPaths = (
			);
			name = SwiftLint;
			outputFileListPaths = (
			);
			outputPaths = (
			);
			runOnlyForDeploymentPostprocessing = 0;
			shellPath = /bin/sh;
			shellScript = "if command -v swiftlint >/dev/null 2>&1; then\n  swiftlint lint --quiet\nelse\n  echo \"warning: SwiftLint not installed — brew install swiftlint\"\nfi\n";
		};
		E5A9A68B0F924E199B2EE9F1 /* Inject Sparkle Info.plist keys */ = {
			isa = PBXShellScriptBuildPhase;
			alwaysOutOfDate = 1;
			buildActionMask = 2147483647;
			files = (
			);
			inputFileListPaths = (
			);
			inputPaths = (
				"$(TARGET_BUILD_DIR)/$(INFOPLIST_PATH)",
			);
			name = "Inject Sparkle Info.plist keys";
			outputFileListPaths = (
			);
			outputPaths = (
			);
			runOnlyForDeploymentPostprocessing = 0;
			shellPath = /bin/sh;
			shellScript = "set -e\nPLIST=\"${TARGET_BUILD_DIR}/${INFOPLIST_PATH}\"\n# Fail closed on Release builds — a Release app without the Sparkle\n# plist keys would ship a silently broken updater. For Debug builds,\n# continue with a warning since the updater is not exercised there.\nif [ ! -f \"$PLIST\" ]; then\n  if [ \"$CONFIGURATION\" = \"Release\" ]; then\n    echo \"error: Sparkle inject — Info.plist not found at $PLIST\" >&2\n    exit 1\n  fi\n  echo \"warning: Sparkle inject — Info.plist not found at $PLIST; skipping ($CONFIGURATION build).\"\n  exit 0\nfi\nplutil -replace SUFeedURL -string \"$SPARKLE_FEED_URL\" \"$PLIST\"\nplutil -replace SUPublicEDKey -string \"$SPARKLE_PUBLIC_KEY\" \"$PLIST\"\nplutil -replace SUEnableAutomaticChecks -bool YES \"$PLIST\"\nplutil -replace SUScheduledCheckInterval -integer 86400 \"$PLIST\"\n";
		};
		F1B55DC5CAD8CE92CD995C2D /* Sign and verify bundled git runtime */ = {
			isa = PBXShellScriptBuildPhase;
			alwaysOutOfDate = 1;
			buildActionMask = 2147483647;
			files = (
			);
			inputFileListPaths = (
			);
			inputPaths = (
			);
			name = "Sign and verify bundled git runtime";
			outputFileListPaths = (
			);
			outputPaths = (
			);
			runOnlyForDeploymentPostprocessing = 0;
			shellPath = /bin/sh;
			shellScript = "set -e\nGIT_DIST=\"$TARGET_BUILD_DIR/$CONTENTS_FOLDER_PATH/Resources/git-dist\"\nSRC_GIT_DIST=\"$PROJECT_DIR/Resources/git-dist\"\n# Copy git-dist into the app bundle. The pre-build script builds it\n# into the project tree, but it's .gitignored so xcodegen never adds\n# it to \"Copy Bundle Resources\". We handle the copy here instead.\nif [ -d \"$SRC_GIT_DIST\" ]; then\n  echo \"==> Copying git-dist into app bundle...\"\n  mkdir -p \"$(dirname \"$GIT_DIST\")\"\n  rsync -a --delete \"$SRC_GIT_DIST/\" \"$GIT_DIST/\"\nfi\nif [ \"$CONFIGURATION\" = \"Release\" ]; then\n  if [ ! -x \"$GIT_DIST/git\" ]; then\n    echo \"error: Bundled git binary missing at $GIT_DIST/git — run ./scripts/bundle-git.sh\" >&2\n    exit 1\n  fi\n  if [ ! -x \"$GIT_DIST/git-core/git-remote-https\" ]; then\n    echo \"error: git-remote-https missing at $GIT_DIST/git-core/ — remote operations will fail\" >&2\n    exit 1\n  fi\n  IDENTITY=\"Developer ID Application: Bruno Valentino (76AEQBHY3K)\"\n  # Sign each Mach-O binary under git-dist (main binary + helpers)\n  for binary in \"$GIT_DIST/git\" \"$GIT_DIST/git-core/\"*; do\n    [ -f \"$binary\" ] || continue\n    if file \"$binary\" | grep -q \"Mach-O\"; then\n      echo \"==> signing $(basename \"$binary\")\"\n      /usr/bin/codesign --force --options runtime --timestamp --sign \"$IDENTITY\" \"$binary\"\n    fi\n  done\n  # Verify all signatures\n  for binary in \"$GIT_DIST/git\" \"$GIT_DIST/git-core/\"*; do\n    [ -f \"$binary\" ] || continue\n    if file \"$binary\" | grep -q \"Mach-O\"; then\n      /usr/bin/codesign --verify --strict --verbose=2 \"$binary\"\n    fi\n  done\nelse\n  if [ ! -d \"$GIT_DIST\" ]; then\n    echo \"warning: Bundled git runtime not found at $GIT_DIST (Debug build — optional)\"\n  fi\nfi\n";
		};
/* End PBXShellScriptBuildPhase section */

/* Begin PBXSourcesBuildPhase section */
		3C90281E30846A7DB0538E47 /* Sources */ = {
			isa = PBXSourcesBuildPhase;
			buildActionMask = 2147483647;
			files = (
				75D1A4AC9E315E7AEC9262DE /* AboutView.swift in Sources */,
				0811368556095DA0E4F251F3 /* AgentSessionObserver.swift in Sources */,
				DD0CC7FF70777D368E7BE54F /* AppNotifications.swift in Sources */,
				78DA0D93830C945A94FBD146 /* BuildInfo.generated.swift in Sources */,
				463BA801BBC392709E59B997 /* CaffeineManager.swift in Sources */,
				583F171B12ED0A94B257F841 /* ClaudeActivityMonitor.swift in Sources */,
				A11605073176EFDF1A6EE5DF /* ClaudeTodo.swift in Sources */,
				7DA12F43C612C19B6EC1D01B /* ClaudeTodoManager.swift in Sources */,
				073439951C4EB24061AFC339 /* ClearwayApp.swift in Sources */,
				6CB2E8C06F348EF807A2431D /* ContentView.swift in Sources */,
				2678B9560A2D12B8CC5C1076 /* ContentViewHelpers.swift in Sources */,
				7551EBE1429FFD9A379C730C /* DebugTerminalSheet.swift in Sources */,
				C5BEC93B9ABDAD4794884644 /* Ghostty.App.swift in Sources */,
				C120017209D6A467A66102D5 /* Ghostty.Config.swift in Sources */,
				641841E20D13715149CA3EEF /* Ghostty.Shell.swift in Sources */,
				980A81CFA86592849DCBC170 /* Ghostty.SurfaceView.swift in Sources */,
				269DF3F2263E554B0083CDC6 /* Ghostty.swift in Sources */,
				1D79BDC62A43580E0D889E6C /* GitResolver.swift in Sources */,
				9A487EAD60BF5CCC0B857480 /* HookTerminalView.swift in Sources */,
				94E634B515C7B773A791EF1A /* MainTerminalTabStrip.swift in Sources */,
				44C8206EE4CA6D3A6A82875A /* MarkdownEditorView.swift in Sources */,
				01C9CB11CF62FE4F23A61375 /* MarkdownPreviewView.swift in Sources */,
				EB491D3A6BE4934B06A9B67B /* MarkdownRenderer.swift in Sources */,
				019F844C8E3EFD5F8E2AA128 /* MarkdownSyntaxHighlighter.swift in Sources */,
				7DD769DE37FAC9D25BEE8F6C /* NSAppearance+IsDark.swift in Sources */,
				C588CA3DA4FDF7BA31F26057 /* Note.swift in Sources */,
				4031D86051F555F3AA1246FF /* NoteWindow.swift in Sources */,
				3C18348092C81FF44FD574A6 /* NotesManager.swift in Sources */,
				7AFE7009A5CBDE5606F59B9D /* NotesView.swift in Sources */,
				8BB1718FAC646B81A3A56D99 /* PlanningConfig.swift in Sources */,
				580D2E6B477C1421F4BCEF8B /* PreviewCSS.swift in Sources */,
				D0A0EE4507A2471A788029A0 /* ProjectListManager.swift in Sources */,
				42155B76BB188431297E6DB4 /* ProjectSelectorView.swift in Sources */,
				9E7CC617E9974FE6FB224441 /* ProjectSettings.swift in Sources */,
				5BC05BCB16F127EF9EEEFB9F /* ProjectSettingsView.swift in Sources */,
				FB4F22980A006328A8B51039 /* ProjectWindow.swift in Sources */,
				98B18A8F9508E08F7E852BF4 /* Prompt.swift in Sources */,
				F37D1613C1DF3740CA1802C4 /* PromptDetailView.swift in Sources */,
				E8C2DC7EBBC5489F51610A85 /* PromptLauncherView.swift in Sources */,
				38A4A022B43AF4C7D0FD042E /* PromptListView.swift in Sources */,
				AC4FAE844570FB2DCAEB8A37 /* PromptManager.swift in Sources */,
				BFE1B15A576FC8B6B2C8424D /* PromptWindow.swift in Sources */,
				CAACE972B2B4C53CAEF632F3 /* PromptsView.swift in Sources */,
				7739376590F4EE192D1C46C9 /* SettingsManager.swift in Sources */,
				4E938F1980F1BE1C0ED78829 /* SettingsView.swift in Sources */,
				49FE009377B405FAA2EAA9C4 /* ShellEnvironment.swift in Sources */,
				6D33DC48A8F6646366418B8E /* SidebarSheets.swift in Sources */,
				2AAF47ECAB371BF3E59DD2F1 /* SidebarView.swift in Sources */,
				69E1EF840D0BBBD01CADE677 /* TaskAsideView.swift in Sources */,
				E1E15B0EAE5B230942FBCC4C /* TaskDetailView.swift in Sources */,
				6D020C60A37F76E749F5A353 /* TerminalManager+Panels.swift in Sources */,
				4B893323A9B68E25C793CA8E /* TerminalManager+TaskTerminals.swift in Sources */,
				D33FDF25047407F4E8B60584 /* TerminalManager.swift in Sources */,
				449E2BD69F4AAAFC69ADBDE3 /* TerminalSurface.swift in Sources */,
				02E2455DB98F98DAF5DD93B9 /* TerminalTab.swift in Sources */,
				1727A54CCA2B65EC1F18B9C5 /* Todo.swift in Sources */,
				78C1B08688DBF1C02B5FFD67 /* TodoManager.swift in Sources */,
				F0C141C306E95B91B5750C24 /* TodosPanelView.swift in Sources */,
				3D872F61D9F52EAEC3A5035D /* TodosView.swift in Sources */,
				2660005537FA16CD9ED4B9A9 /* WorkTask.swift in Sources */,
				0F8E132F12B5D4706C7987F1 /* WorkTaskAgentMetadata.swift in Sources */,
				2FB243F96D91E1E974674EA4 /* WorkTaskCoordinator+AutoFire.swift in Sources */,
				220AFB60F0B0AE7311F180F9 /* WorkTaskCoordinator+ConfigWatching.swift in Sources */,
				3561916FAD889C8956F04F7F /* WorkTaskCoordinator+WorkflowWatching.swift in Sources */,
				228FC795606DBD56B6845337 /* WorkTaskCoordinator.swift in Sources */,
				4F05B35AB55CF4803117305E /* WorkTaskListView.swift in Sources */,
				E3FFB76D4901447D99D5DBDE /* WorkTaskManager.swift in Sources */,
				E772C9D9941AAB1C3AC399DF /* WorkTaskWindow.swift in Sources */,
				51DBF4BEA3F8EC156EAF4731 /* WorkflowAutomation.swift in Sources */,
				4DA77E36EA8507BD933DBC73 /* WorkflowEditorView.swift in Sources */,
				EBE18373B5AC1A72F2197FCF /* Worktree.swift in Sources */,
				4C1B01303EA21622302D3B3B /* WorktreeGroup.swift in Sources */,
				151797A90DE5D9831A9A9A25 /* WorktreeGroupManager.swift in Sources */,
				227AAB3A6CC265B56E4E61BB /* WorktreeGroupStore.swift in Sources */,
				ACD545748BD65DBB40766EAA /* YAMLHelpers.swift in Sources */,
			);
			runOnlyForDeploymentPostprocessing = 0;
		};
		7BA22041612C7FBB70FF0C7C /* Sources */ = {
			isa = PBXSourcesBuildPhase;
			buildActionMask = 2147483647;
			files = (
				BF7B2B3A581298E37A5F8118 /* GhosttyShellTests.swift in Sources */,
				4D2C390BA3FFDF6DF083381C /* GitResolverTests.swift in Sources */,
				2BF186BD2AAC70BBA557891C /* ProjectHooksTests.swift in Sources */,
				63345BE618731999D832C586 /* PromptManagerTests.swift in Sources */,
				6F5D6D9BFBD2C994864797CC /* SettingsManagerTests.swift in Sources */,
				75AE7FFC553C6C15E5FEC328 /* TerminalManagerTests.swift in Sources */,
				2780C26D99F1C1FCAA846A07 /* TerminalTabKindTests.swift in Sources */,
				D98DC71E772EBE02BBE7ED28 /* TestHelpers.swift in Sources */,
				12AD5E5827F35FCBB3875D86 /* WorkTaskManagerTests.swift in Sources */,
				85975239EB49D62F04CCEC30 /* WorkflowAutomationTests.swift in Sources */,
				0D4C88A1FDBBC5AD8D642D55 /* WorktreeGroupManagerTests.swift in Sources */,
				341BA0217D7DFD0145AEA798 /* WorktreeGroupStoreTests.swift in Sources */,
				8885034D7B3751E8136F271B /* WorktreeManagerTests.swift in Sources */,
				2F43B4C896A89D4494DFFBC3 /* WorktreeTests.swift in Sources */,
			);
			runOnlyForDeploymentPostprocessing = 0;
		};
/* End PBXSourcesBuildPhase section */

/* Begin PBXTargetDependency section */
		5732A3494D8CDFD1015EEDA2 /* PBXTargetDependency */ = {
			isa = PBXTargetDependency;
			target = 49CD5371DBC4C1B0EEEF260F /* Clearway */;
			targetProxy = FB196BA716CFEF1F0F8546F3 /* PBXContainerItemProxy */;
		};
/* End PBXTargetDependency section */

/* Begin XCBuildConfiguration section */
		132BA50F8EE0FDADAE524449 /* Debug */ = {
			isa = XCBuildConfiguration;
			buildSettings = {
				ASSETCATALOG_COMPILER_APPICON_NAME = AppIcon;
				CLANG_ENABLE_MODULES = YES;
				CODE_SIGN_ENTITLEMENTS = Clearway.entitlements;
				CODE_SIGN_IDENTITY = "-";
				COMBINE_HIDPI_IMAGES = YES;
				CURRENT_PROJECT_VERSION = 10;
				FRAMEWORK_SEARCH_PATHS = (
					"$(PROJECT_DIR)/ghostty/macos/GhosttyKit.xcframework/macos-arm64_x86_64",
				);
				GENERATE_INFOPLIST_FILE = YES;
				HEADER_SEARCH_PATHS = (
					"$(PROJECT_DIR)/ghostty/macos/GhosttyKit.xcframework/macos-arm64_x86_64/Headers",
				);
				INFOPLIST_FILE = "";
				LD_RUNPATH_SEARCH_PATHS = (
					"$(inherited)",
					"@executable_path/../Frameworks",
				);
				LIBRARY_SEARCH_PATHS = (
					"$(PROJECT_DIR)/ghostty/macos/GhosttyKit.xcframework/macos-arm64_x86_64",
				);
				MARKETING_VERSION = 1.6.0;
				OTHER_LDFLAGS = (
					"-lghostty",
					"-lz",
					"-lc++",
					"-framework Metal",
					"-framework QuartzCore",
					"-framework CoreText",
					"-framework CoreGraphics",
					"-framework IOSurface",
					"-framework CoreFoundation",
					"-framework Foundation",
					"-framework AppKit",
					"-framework Carbon",
				);
				PRODUCT_BUNDLE_IDENTIFIER = app.getclearway.mac;
				PRODUCT_NAME = Clearway;
				SDKROOT = macosx;
				SPARKLE_FEED_URL = "https://bvalentino.github.io/clearway/appcast.xml";
				SPARKLE_PUBLIC_KEY = "bezL3QSG/qNJwVOEXJ8rs02NYJE0C6UZVK2M5VgaBEY=";
				SWIFT_INCLUDE_PATHS = (
					"$(PROJECT_DIR)/ghostty/macos/GhosttyKit.xcframework/macos-arm64_x86_64/Headers",
				);
				SWIFT_OBJC_BRIDGING_HEADER = "";
			};
			name = Debug;
		};
		4800C109CA69AAA990FD4D73 /* Debug */ = {
			isa = XCBuildConfiguration;
			buildSettings = {
				ALWAYS_SEARCH_USER_PATHS = NO;
				CLANG_ANALYZER_NONNULL = YES;
				CLANG_ANALYZER_NUMBER_OBJECT_CONVERSION = YES_AGGRESSIVE;
				CLANG_CXX_LANGUAGE_STANDARD = "gnu++14";
				CLANG_CXX_LIBRARY = "libc++";
				CLANG_ENABLE_MODULES = YES;
				CLANG_ENABLE_OBJC_ARC = YES;
				CLANG_ENABLE_OBJC_WEAK = YES;
				CLANG_WARN_BLOCK_CAPTURE_AUTORELEASING = YES;
				CLANG_WARN_BOOL_CONVERSION = YES;
				CLANG_WARN_COMMA = YES;
				CLANG_WARN_CONSTANT_CONVERSION = YES;
				CLANG_WARN_DEPRECATED_OBJC_IMPLEMENTATIONS = YES;
				CLANG_WARN_DIRECT_OBJC_ISA_USAGE = YES_ERROR;
				CLANG_WARN_DOCUMENTATION_COMMENTS = YES;
				CLANG_WARN_EMPTY_BODY = YES;
				CLANG_WARN_ENUM_CONVERSION = YES;
				CLANG_WARN_INFINITE_RECURSION = YES;
				CLANG_WARN_INT_CONVERSION = YES;
				CLANG_WARN_NON_LITERAL_NULL_CONVERSION = YES;
				CLANG_WARN_OBJC_IMPLICIT_RETAIN_SELF = YES;
				CLANG_WARN_OBJC_LITERAL_CONVERSION = YES;
				CLANG_WARN_OBJC_ROOT_CLASS = YES_ERROR;
				CLANG_WARN_QUOTED_INCLUDE_IN_FRAMEWORK_HEADER = YES;
				CLANG_WARN_RANGE_LOOP_ANALYSIS = YES;
				CLANG_WARN_STRICT_PROTOTYPES = YES;
				CLANG_WARN_SUSPICIOUS_MOVE = YES;
				CLANG_WARN_UNGUARDED_AVAILABILITY = YES_AGGRESSIVE;
				CLANG_WARN_UNREACHABLE_CODE = YES;
				CLANG_WARN__DUPLICATE_METHOD_MATCH = YES;
				COPY_PHASE_STRIP = NO;
				DEBUG_INFORMATION_FORMAT = dwarf;
				ENABLE_STRICT_OBJC_MSGSEND = YES;
				ENABLE_TESTABILITY = YES;
				GCC_C_LANGUAGE_STANDARD = gnu11;
				GCC_DYNAMIC_NO_PIC = NO;
				GCC_NO_COMMON_BLOCKS = YES;
				GCC_OPTIMIZATION_LEVEL = 0;
				GCC_PREPROCESSOR_DEFINITIONS = (
					"$(inherited)",
					"DEBUG=1",
				);
				GCC_WARN_64_TO_32_BIT_CONVERSION = YES;
				GCC_WARN_ABOUT_RETURN_TYPE = YES_ERROR;
				GCC_WARN_UNDECLARED_SELECTOR = YES;
				GCC_WARN_UNINITIALIZED_AUTOS = YES_AGGRESSIVE;
				GCC_WARN_UNUSED_FUNCTION = YES;
				GCC_WARN_UNUSED_VARIABLE = YES;
				MACOSX_DEPLOYMENT_TARGET = 13.0;
				MTL_ENABLE_DEBUG_INFO = INCLUDE_SOURCE;
				MTL_FAST_MATH = YES;
				ONLY_ACTIVE_ARCH = YES;
				PRODUCT_NAME = "$(TARGET_NAME)";
				SDKROOT = macosx;
				SWIFT_ACTIVE_COMPILATION_CONDITIONS = DEBUG;
				SWIFT_OPTIMIZATION_LEVEL = "-Onone";
				SWIFT_VERSION = 5.10;
			};
			name = Debug;
		};
		649007376DAAAE2EB8ED3145 /* Release */ = {
			isa = XCBuildConfiguration;
			buildSettings = {
				ALWAYS_SEARCH_USER_PATHS = NO;
				CLANG_ANALYZER_NONNULL = YES;
				CLANG_ANALYZER_NUMBER_OBJECT_CONVERSION = YES_AGGRESSIVE;
				CLANG_CXX_LANGUAGE_STANDARD = "gnu++14";
				CLANG_CXX_LIBRARY = "libc++";
				CLANG_ENABLE_MODULES = YES;
				CLANG_ENABLE_OBJC_ARC = YES;
				CLANG_ENABLE_OBJC_WEAK = YES;
				CLANG_WARN_BLOCK_CAPTURE_AUTORELEASING = YES;
				CLANG_WARN_BOOL_CONVERSION = YES;
				CLANG_WARN_COMMA = YES;
				CLANG_WARN_CONSTANT_CONVERSION = YES;
				CLANG_WARN_DEPRECATED_OBJC_IMPLEMENTATIONS = YES;
				CLANG_WARN_DIRECT_OBJC_ISA_USAGE = YES_ERROR;
				CLANG_WARN_DOCUMENTATION_COMMENTS = YES;
				CLANG_WARN_EMPTY_BODY = YES;
				CLANG_WARN_ENUM_CONVERSION = YES;
				CLANG_WARN_INFINITE_RECURSION = YES;
				CLANG_WARN_INT_CONVERSION = YES;
				CLANG_WARN_NON_LITERAL_NULL_CONVERSION = YES;
				CLANG_WARN_OBJC_IMPLICIT_RETAIN_SELF = YES;
				CLANG_WARN_OBJC_LITERAL_CONVERSION = YES;
				CLANG_WARN_OBJC_ROOT_CLASS = YES_ERROR;
				CLANG_WARN_QUOTED_INCLUDE_IN_FRAMEWORK_HEADER = YES;
				CLANG_WARN_RANGE_LOOP_ANALYSIS = YES;
				CLANG_WARN_STRICT_PROTOTYPES = YES;
				CLANG_WARN_SUSPICIOUS_MOVE = YES;
				CLANG_WARN_UNGUARDED_AVAILABILITY = YES_AGGRESSIVE;
				CLANG_WARN_UNREACHABLE_CODE = YES;
				CLANG_WARN__DUPLICATE_METHOD_MATCH = YES;
				COPY_PHASE_STRIP = NO;
				DEBUG_INFORMATION_FORMAT = "dwarf-with-dsym";
				ENABLE_NS_ASSERTIONS = NO;
				ENABLE_STRICT_OBJC_MSGSEND = YES;
				GCC_C_LANGUAGE_STANDARD = gnu11;
				GCC_NO_COMMON_BLOCKS = YES;
				GCC_WARN_64_TO_32_BIT_CONVERSION = YES;
				GCC_WARN_ABOUT_RETURN_TYPE = YES_ERROR;
				GCC_WARN_UNDECLARED_SELECTOR = YES;
				GCC_WARN_UNINITIALIZED_AUTOS = YES_AGGRESSIVE;
				GCC_WARN_UNUSED_FUNCTION = YES;
				GCC_WARN_UNUSED_VARIABLE = YES;
				MACOSX_DEPLOYMENT_TARGET = 13.0;
				MTL_ENABLE_DEBUG_INFO = NO;
				MTL_FAST_MATH = YES;
				PRODUCT_NAME = "$(TARGET_NAME)";
				SDKROOT = macosx;
				SWIFT_COMPILATION_MODE = wholemodule;
				SWIFT_OPTIMIZATION_LEVEL = "-O";
				SWIFT_VERSION = 5.10;
			};
			name = Release;
		};
		704D4CE4D0858812C4A4F82A /* Release */ = {
			isa = XCBuildConfiguration;
			buildSettings = {
				BUNDLE_LOADER = "$(TEST_HOST)";
				COMBINE_HIDPI_IMAGES = YES;
				FRAMEWORK_SEARCH_PATHS = (
					"$(PROJECT_DIR)/ghostty/macos/GhosttyKit.xcframework/macos-arm64_x86_64",
				);
				GENERATE_INFOPLIST_FILE = YES;
				HEADER_SEARCH_PATHS = (
					"$(PROJECT_DIR)/ghostty/macos/GhosttyKit.xcframework/macos-arm64_x86_64/Headers",
				);
				LD_RUNPATH_SEARCH_PATHS = (
					"$(inherited)",
					"@executable_path/../Frameworks",
					"@loader_path/../Frameworks",
				);
				LIBRARY_SEARCH_PATHS = (
					"$(PROJECT_DIR)/ghostty/macos/GhosttyKit.xcframework/macos-arm64_x86_64",
				);
				PRODUCT_BUNDLE_IDENTIFIER = app.getclearway.mac.tests;
				SDKROOT = macosx;
				SWIFT_INCLUDE_PATHS = (
					"$(PROJECT_DIR)/ghostty/macos/GhosttyKit.xcframework/macos-arm64_x86_64/Headers",
				);
				SWIFT_VERSION = 5.10;
				TEST_HOST = "$(BUILT_PRODUCTS_DIR)/Clearway.app/Contents/MacOS/Clearway";
			};
			name = Release;
		};
		7E8AB543E2489CFC95C93777 /* Release */ = {
			isa = XCBuildConfiguration;
			buildSettings = {
				ASSETCATALOG_COMPILER_APPICON_NAME = AppIcon;
				CLANG_ENABLE_MODULES = YES;
				CODE_SIGN_ENTITLEMENTS = Clearway.entitlements;
				CODE_SIGN_IDENTITY = "Developer ID Application: Bruno Valentino (76AEQBHY3K)";
				CODE_SIGN_INJECT_BASE_ENTITLEMENTS = NO;
				CODE_SIGN_STYLE = Manual;
				COMBINE_HIDPI_IMAGES = YES;
				CURRENT_PROJECT_VERSION = 10;
				DEVELOPMENT_TEAM = 76AEQBHY3K;
				ENABLE_HARDENED_RUNTIME = YES;
				FRAMEWORK_SEARCH_PATHS = (
					"$(PROJECT_DIR)/ghostty/macos/GhosttyKit.xcframework/macos-arm64_x86_64",
				);
				GENERATE_INFOPLIST_FILE = YES;
				HEADER_SEARCH_PATHS = (
					"$(PROJECT_DIR)/ghostty/macos/GhosttyKit.xcframework/macos-arm64_x86_64/Headers",
				);
				INFOPLIST_FILE = "";
				LD_RUNPATH_SEARCH_PATHS = (
					"$(inherited)",
					"@executable_path/../Frameworks",
				);
				LIBRARY_SEARCH_PATHS = (
					"$(PROJECT_DIR)/ghostty/macos/GhosttyKit.xcframework/macos-arm64_x86_64",
				);
				MARKETING_VERSION = 1.6.0;
				OTHER_CODE_SIGN_FLAGS = "--timestamp";
				OTHER_LDFLAGS = (
					"-lghostty",
					"-lz",
					"-lc++",
					"-framework Metal",
					"-framework QuartzCore",
					"-framework CoreText",
					"-framework CoreGraphics",
					"-framework IOSurface",
					"-framework CoreFoundation",
					"-framework Foundation",
					"-framework AppKit",
					"-framework Carbon",
				);
				PRODUCT_BUNDLE_IDENTIFIER = app.getclearway.mac;
				PRODUCT_NAME = Clearway;
				SDKROOT = macosx;
				SPARKLE_FEED_URL = "https://bvalentino.github.io/clearway/appcast.xml";
				SPARKLE_PUBLIC_KEY = "bezL3QSG/qNJwVOEXJ8rs02NYJE0C6UZVK2M5VgaBEY=";
				SWIFT_INCLUDE_PATHS = (
					"$(PROJECT_DIR)/ghostty/macos/GhosttyKit.xcframework/macos-arm64_x86_64/Headers",
				);
				SWIFT_OBJC_BRIDGING_HEADER = "";
			};
			name = Release;
		};
		8A972A5FF23FDC5A59CB04BD /* Debug */ = {
			isa = XCBuildConfiguration;
			buildSettings = {
				BUNDLE_LOADER = "$(TEST_HOST)";
				COMBINE_HIDPI_IMAGES = YES;
				FRAMEWORK_SEARCH_PATHS = (
					"$(PROJECT_DIR)/ghostty/macos/GhosttyKit.xcframework/macos-arm64_x86_64",
				);
				GENERATE_INFOPLIST_FILE = YES;
				HEADER_SEARCH_PATHS = (
					"$(PROJECT_DIR)/ghostty/macos/GhosttyKit.xcframework/macos-arm64_x86_64/Headers",
				);
				LD_RUNPATH_SEARCH_PATHS = (
					"$(inherited)",
					"@executable_path/../Frameworks",
					"@loader_path/../Frameworks",
				);
				LIBRARY_SEARCH_PATHS = (
					"$(PROJECT_DIR)/ghostty/macos/GhosttyKit.xcframework/macos-arm64_x86_64",
				);
				PRODUCT_BUNDLE_IDENTIFIER = app.getclearway.mac.tests;
				SDKROOT = macosx;
				SWIFT_INCLUDE_PATHS = (
					"$(PROJECT_DIR)/ghostty/macos/GhosttyKit.xcframework/macos-arm64_x86_64/Headers",
				);
				SWIFT_VERSION = 5.10;
				TEST_HOST = "$(BUILT_PRODUCTS_DIR)/Clearway.app/Contents/MacOS/Clearway";
			};
			name = Debug;
		};
/* End XCBuildConfiguration section */

/* Begin XCConfigurationList section */
		48BCCD898DEDCC6933E78F16 /* Build configuration list for PBXNativeTarget "ClearwayTests" */ = {
			isa = XCConfigurationList;
			buildConfigurations = (
				8A972A5FF23FDC5A59CB04BD /* Debug */,
				704D4CE4D0858812C4A4F82A /* Release */,
			);
			defaultConfigurationIsVisible = 0;
			defaultConfigurationName = Debug;
		};
		7685CA36E00CDD4D1B0F896A /* Build configuration list for PBXNativeTarget "Clearway" */ = {
			isa = XCConfigurationList;
			buildConfigurations = (
				132BA50F8EE0FDADAE524449 /* Debug */,
				7E8AB543E2489CFC95C93777 /* Release */,
			);
			defaultConfigurationIsVisible = 0;
			defaultConfigurationName = Debug;
		};
		7AAB4E62779E0FD438821851 /* Build configuration list for PBXProject "Clearway" */ = {
			isa = XCConfigurationList;
			buildConfigurations = (
				4800C109CA69AAA990FD4D73 /* Debug */,
				649007376DAAAE2EB8ED3145 /* Release */,
			);
			defaultConfigurationIsVisible = 0;
			defaultConfigurationName = Debug;
		};
/* End XCConfigurationList section */

/* Begin XCRemoteSwiftPackageReference section */
		287807A13F4C2CDD9DBC91D9 /* XCRemoteSwiftPackageReference "cmark-gfm" */ = {
			isa = XCRemoteSwiftPackageReference;
			repositoryURL = "https://github.com/brokenhandsio/cmark-gfm.git";
			requirement = {
				kind = upToNextMajorVersion;
				minimumVersion = 2.1.0;
			};
		};
		4D3019AEFAC59B45DF5CF058 /* XCRemoteSwiftPackageReference "Sparkle" */ = {
			isa = XCRemoteSwiftPackageReference;
			repositoryURL = "https://github.com/sparkle-project/Sparkle";
			requirement = {
				kind = upToNextMajorVersion;
				minimumVersion = 2.6.0;
			};
		};
/* End XCRemoteSwiftPackageReference section */

/* Begin XCSwiftPackageProductDependency section */
		56382C26DF738F11CBAD2CFC /* cmark */ = {
			isa = XCSwiftPackageProductDependency;
			package = 287807A13F4C2CDD9DBC91D9 /* XCRemoteSwiftPackageReference "cmark-gfm" */;
			productName = cmark;
		};
		A834CA46BCB2AE8057A4A151 /* Sparkle */ = {
			isa = XCSwiftPackageProductDependency;
			package = 4D3019AEFAC59B45DF5CF058 /* XCRemoteSwiftPackageReference "Sparkle" */;
			productName = Sparkle;
		};
/* End XCSwiftPackageProductDependency section */
	};
	rootObject = 1EAD8CE256EC21BD1B1053E4 /* Project object */;
}
